// !$*UTF8*$!
{
	archiveVersion = 1;
	classes = {
	};
	objectVersion = 46;
	objects = {

/* Begin PBXBuildFile section */
		354DCA4719B2C767009281AD /* ParseFacebookUtils.framework in Frameworks */ = {isa = PBXBuildFile; fileRef = 354DCA4619B2C767009281AD /* ParseFacebookUtils.framework */; };
		354DCA5719B3941F009281AD /* InfoIcon@2x.png in Resources */ = {isa = PBXBuildFile; fileRef = 354DCA5419B3941F009281AD /* InfoIcon@2x.png */; };
		354DCA5819B3941F009281AD /* DislikeIcon@2x.png in Resources */ = {isa = PBXBuildFile; fileRef = 354DCA5519B3941F009281AD /* DislikeIcon@2x.png */; };
		354DCA5919B3941F009281AD /* LikeIcon@2x.png in Resources */ = {isa = PBXBuildFile; fileRef = 354DCA5619B3941F009281AD /* LikeIcon@2x.png */; };
		354DCA7C19B3999C009281AD /* splash_640x960.png in Resources */ = {isa = PBXBuildFile; fileRef = 354DCA7B19B3999C009281AD /* splash_640x960.png */; };
		354DCA7E19B399A6009281AD /* splash_640x1136.png in Resources */ = {isa = PBXBuildFile; fileRef = 354DCA7D19B399A6009281AD /* splash_640x1136.png */; };
		354DCA9019B39AB2009281AD /* Icon-40.png in Resources */ = {isa = PBXBuildFile; fileRef = 354DCA8019B39AB2009281AD /* Icon-40.png */; };
		354DCA9119B39AB2009281AD /* Icon-40@2x.png in Resources */ = {isa = PBXBuildFile; fileRef = 354DCA8119B39AB2009281AD /* Icon-40@2x.png */; };
		354DCA9219B39AB2009281AD /* Icon-60.png in Resources */ = {isa = PBXBuildFile; fileRef = 354DCA8219B39AB2009281AD /* Icon-60.png */; };
		354DCA9319B39AB2009281AD /* Icon-60@2x.png in Resources */ = {isa = PBXBuildFile; fileRef = 354DCA8319B39AB2009281AD /* Icon-60@2x.png */; };
		354DCA9419B39AB2009281AD /* Icon-72.png in Resources */ = {isa = PBXBuildFile; fileRef = 354DCA8419B39AB2009281AD /* Icon-72.png */; };
		354DCA9519B39AB2009281AD /* Icon-72@2x.png in Resources */ = {isa = PBXBuildFile; fileRef = 354DCA8519B39AB2009281AD /* Icon-72@2x.png */; };
		354DCA9619B39AB2009281AD /* Icon-76.png in Resources */ = {isa = PBXBuildFile; fileRef = 354DCA8619B39AB2009281AD /* Icon-76.png */; };
		354DCA9719B39AB2009281AD /* Icon-76@2x.png in Resources */ = {isa = PBXBuildFile; fileRef = 354DCA8719B39AB2009281AD /* Icon-76@2x.png */; };
		354DCA9819B39AB2009281AD /* Icon-Small-50.png in Resources */ = {isa = PBXBuildFile; fileRef = 354DCA8819B39AB2009281AD /* Icon-Small-50.png */; };
		354DCA9919B39AB2009281AD /* Icon-Small-50@2x.png in Resources */ = {isa = PBXBuildFile; fileRef = 354DCA8919B39AB2009281AD /* Icon-Small-50@2x.png */; };
		354DCA9A19B39AB2009281AD /* Icon-Small.png in Resources */ = {isa = PBXBuildFile; fileRef = 354DCA8A19B39AB2009281AD /* Icon-Small.png */; };
		354DCA9B19B39AB2009281AD /* Icon-Small@2x.png in Resources */ = {isa = PBXBuildFile; fileRef = 354DCA8B19B39AB2009281AD /* Icon-Small@2x.png */; };
		354DCA9C19B39AB2009281AD /* Icon.png in Resources */ = {isa = PBXBuildFile; fileRef = 354DCA8C19B39AB2009281AD /* Icon.png */; };
		354DCA9D19B39AB2009281AD /* Icon@2x.png in Resources */ = {isa = PBXBuildFile; fileRef = 354DCA8D19B39AB2009281AD /* Icon@2x.png */; };
		354DCA9E19B39AB2009281AD /* iTunesArtwork.png in Resources */ = {isa = PBXBuildFile; fileRef = 354DCA8E19B39AB2009281AD /* iTunesArtwork.png */; };
		354DCA9F19B39AB2009281AD /* iTunesArtwork@2x.png in Resources */ = {isa = PBXBuildFile; fileRef = 354DCA8F19B39AB2009281AD /* iTunesArtwork@2x.png */; };
		354DCAA119B39AE3009281AD /* icon_1024x1024.png in Resources */ = {isa = PBXBuildFile; fileRef = 354DCAA019B39AE3009281AD /* icon_1024x1024.png */; };
		354DCAA419B3A251009281AD /* SettingIcon.png in Resources */ = {isa = PBXBuildFile; fileRef = 354DCAA219B3A251009281AD /* SettingIcon.png */; };
		354DCAA519B3A251009281AD /* SettingIcon@2x.png in Resources */ = {isa = PBXBuildFile; fileRef = 354DCAA319B3A251009281AD /* SettingIcon@2x.png */; };
		354DCAA919B3A31E009281AD /* DislikeIcon.png in Resources */ = {isa = PBXBuildFile; fileRef = 354DCAA619B3A31E009281AD /* DislikeIcon.png */; };
		354DCAAA19B3A31E009281AD /* LikeIcon.png in Resources */ = {isa = PBXBuildFile; fileRef = 354DCAA719B3A31E009281AD /* LikeIcon.png */; };
		354DCAAB19B3A31E009281AD /* InfoIcon.png in Resources */ = {isa = PBXBuildFile; fileRef = 354DCAA819B3A31E009281AD /* InfoIcon.png */; };
		354DCAB219B3A6BE009281AD /* Logo.png in Resources */ = {isa = PBXBuildFile; fileRef = 354DCAB019B3A6BE009281AD /* Logo.png */; };
		354DCAB319B3A6BE009281AD /* Logo@2x.png in Resources */ = {isa = PBXBuildFile; fileRef = 354DCAB119B3A6BE009281AD /* Logo@2x.png */; };
		354DCABA19B3ABA1009281AD /* AgeIcon.png in Resources */ = {isa = PBXBuildFile; fileRef = 354DCAB419B3ABA1009281AD /* AgeIcon.png */; };
		354DCABB19B3ABA1009281AD /* AgeIcon@2x.png in Resources */ = {isa = PBXBuildFile; fileRef = 354DCAB519B3ABA1009281AD /* AgeIcon@2x.png */; };
		354DCABC19B3ABA1009281AD /* location.png in Resources */ = {isa = PBXBuildFile; fileRef = 354DCAB619B3ABA1009281AD /* location.png */; };
		354DCABD19B3ABA1009281AD /* location@2x.png in Resources */ = {isa = PBXBuildFile; fileRef = 354DCAB719B3ABA1009281AD /* location@2x.png */; };
		354DCABE19B3ABA1009281AD /* StatusIcon.png in Resources */ = {isa = PBXBuildFile; fileRef = 354DCAB819B3ABA1009281AD /* StatusIcon.png */; };
		354DCABF19B3ABA1009281AD /* StatusIcon@2x.png in Resources */ = {isa = PBXBuildFile; fileRef = 354DCAB919B3ABA1009281AD /* StatusIcon@2x.png */; };
		354DCAC219B3ADCB009281AD /* Chat_user.png in Resources */ = {isa = PBXBuildFile; fileRef = 354DCAC019B3ADCB009281AD /* Chat_user.png */; };
		354DCAC319B3ADCB009281AD /* Chat_user@2x.png in Resources */ = {isa = PBXBuildFile; fileRef = 354DCAC119B3ADCB009281AD /* Chat_user@2x.png */; };
		354DCAC519B3B819009281AD /* README.md in Sources */ = {isa = PBXBuildFile; fileRef = 354DCAC419B3B819009281AD /* README.md */; };
		35BBA2DC19B2AB62000493E4 /* main.m in Sources */ = {isa = PBXBuildFile; fileRef = 35BBA2DB19B2AB62000493E4 /* main.m */; };
		35BBA2DF19B2AB62000493E4 /* AppDelegate.m in Sources */ = {isa = PBXBuildFile; fileRef = 35BBA2DE19B2AB62000493E4 /* AppDelegate.m */; };
		35BBA2E219B2AB62000493E4 /* MatchMe.xcdatamodeld in Sources */ = {isa = PBXBuildFile; fileRef = 35BBA2E019B2AB62000493E4 /* MatchMe.xcdatamodeld */; };
		35BBA2E819B2AB62000493E4 /* Main.storyboard in Resources */ = {isa = PBXBuildFile; fileRef = 35BBA2E619B2AB62000493E4 /* Main.storyboard */; };
		35BBA2EA19B2AB62000493E4 /* Images.xcassets in Resources */ = {isa = PBXBuildFile; fileRef = 35BBA2E919B2AB62000493E4 /* Images.xcassets */; };
		35BBA2F619B2AB62000493E4 /* MatchMeTests.m in Sources */ = {isa = PBXBuildFile; fileRef = 35BBA2F519B2AB62000493E4 /* MatchMeTests.m */; };
		35BBA3A419B2AE53000493E4 /* BG.png in Resources */ = {isa = PBXBuildFile; fileRef = 35BBA30319B2AE53000493E4 /* BG.png */; };
		35BBA3A519B2AE53000493E4 /* BG@2x.png in Resources */ = {isa = PBXBuildFile; fileRef = 35BBA30419B2AE53000493E4 /* BG@2x.png */; };
		35BBA3A619B2AE53000493E4 /* BG.png in Resources */ = {isa = PBXBuildFile; fileRef = 35BBA30519B2AE53000493E4 /* BG.png */; };
		35BBA3A719B2AE53000493E4 /* BG@2x.png in Resources */ = {isa = PBXBuildFile; fileRef = 35BBA30619B2AE53000493E4 /* BG@2x.png */; };
		35BBA3A819B2AE53000493E4 /* Facebook.png in Resources */ = {isa = PBXBuildFile; fileRef = 35BBA30819B2AE53000493E4 /* Facebook.png */; };
		35BBA3A919B2AE53000493E4 /* Facebook@2x.png in Resources */ = {isa = PBXBuildFile; fileRef = 35BBA30919B2AE53000493E4 /* Facebook@2x.png */; };
		35BBA3AC19B2AE53000493E4 /* BG.png in Resources */ = {isa = PBXBuildFile; fileRef = 35BBA30D19B2AE53000493E4 /* BG.png */; };
		35BBA3AD19B2AE53000493E4 /* BG@2x.png in Resources */ = {isa = PBXBuildFile; fileRef = 35BBA30E19B2AE53000493E4 /* BG@2x.png */; };
		35BBA3AE19B2AE53000493E4 /* ChatIcon.png in Resources */ = {isa = PBXBuildFile; fileRef = 35BBA30F19B2AE53000493E4 /* ChatIcon.png */; };
		35BBA3AF19B2AE53000493E4 /* ChatIcon@2x.png in Resources */ = {isa = PBXBuildFile; fileRef = 35BBA31019B2AE53000493E4 /* ChatIcon@2x.png */; };
		35BBA3B619B2AE53000493E4 /* Matched-Up.png in Resources */ = {isa = PBXBuildFile; fileRef = 35BBA31719B2AE53000493E4 /* Matched-Up.png */; };
		35BBA3B719B2AE53000493E4 /* Matched-Up@2x.png in Resources */ = {isa = PBXBuildFile; fileRef = 35BBA31819B2AE53000493E4 /* Matched-Up@2x.png */; };
		35BBA3BA19B2AE53000493E4 /* Top_NavBG.png in Resources */ = {isa = PBXBuildFile; fileRef = 35BBA31B19B2AE53000493E4 /* Top_NavBG.png */; };
		35BBA3BB19B2AE53000493E4 /* Top_NavBG@2x.png in Resources */ = {isa = PBXBuildFile; fileRef = 35BBA31C19B2AE53000493E4 /* Top_NavBG@2x.png */; };
		35BBA3BC19B2AE53000493E4 /* User_Image.png in Resources */ = {isa = PBXBuildFile; fileRef = 35BBA31D19B2AE53000493E4 /* User_Image.png */; };
		35BBA3BD19B2AE53000493E4 /* User_Image@2x.png in Resources */ = {isa = PBXBuildFile; fileRef = 35BBA31E19B2AE53000493E4 /* User_Image@2x.png */; };
		35BBA3BE19B2AE53000493E4 /* VP_BG.png in Resources */ = {isa = PBXBuildFile; fileRef = 35BBA31F19B2AE53000493E4 /* VP_BG.png */; };
		35BBA3BF19B2AE53000493E4 /* VP_BG@2x.png in Resources */ = {isa = PBXBuildFile; fileRef = 35BBA32019B2AE53000493E4 /* VP_BG@2x.png */; };
		35BBA3C019B2AE53000493E4 /* About_BG.png in Resources */ = {isa = PBXBuildFile; fileRef = 35BBA32219B2AE53000493E4 /* About_BG.png */; };
		35BBA3C119B2AE53000493E4 /* About_BG@2x.png in Resources */ = {isa = PBXBuildFile; fileRef = 35BBA32319B2AE53000493E4 /* About_BG@2x.png */; };
		35BBA3C419B2AE53000493E4 /* BG.png in Resources */ = {isa = PBXBuildFile; fileRef = 35BBA32619B2AE53000493E4 /* BG.png */; };
		35BBA3C519B2AE53000493E4 /* BG@2x.png in Resources */ = {isa = PBXBuildFile; fileRef = 35BBA32719B2AE53000493E4 /* BG@2x.png */; };
		35BBA3C619B2AE53000493E4 /* ChatIcon.png in Resources */ = {isa = PBXBuildFile; fileRef = 35BBA32819B2AE53000493E4 /* ChatIcon.png */; };
		35BBA3C719B2AE53000493E4 /* ChatIcon@2x.png in Resources */ = {isa = PBXBuildFile; fileRef = 35BBA32919B2AE53000493E4 /* ChatIcon@2x.png */; };
		35BBA3D019B2AE53000493E4 /* NameAgeStatusBar.png in Resources */ = {isa = PBXBuildFile; fileRef = 35BBA33219B2AE53000493E4 /* NameAgeStatusBar.png */; };
		35BBA3D119B2AE53000493E4 /* NameAgeStatusBar@2x.png in Resources */ = {isa = PBXBuildFile; fileRef = 35BBA33319B2AE53000493E4 /* NameAgeStatusBar@2x.png */; };
		35BBA3D419B2AE53000493E4 /* Single.png in Resources */ = {isa = PBXBuildFile; fileRef = 35BBA33619B2AE53000493E4 /* Single.png */; };
		35BBA3D519B2AE53000493E4 /* Single@2x.png in Resources */ = {isa = PBXBuildFile; fileRef = 35BBA33719B2AE53000493E4 /* Single@2x.png */; };
		35BBA3D819B2AE53000493E4 /* UserImage.png in Resources */ = {isa = PBXBuildFile; fileRef = 35BBA33A19B2AE53000493E4 /* UserImage.png */; };
		35BBA3D919B2AE53000493E4 /* UserImage@2x.png in Resources */ = {isa = PBXBuildFile; fileRef = 35BBA33B19B2AE53000493E4 /* UserImage@2x.png */; };
		35BBA3DA19B2AE53000493E4 /* VP_BG.png in Resources */ = {isa = PBXBuildFile; fileRef = 35BBA33C19B2AE53000493E4 /* VP_BG.png */; };
		35BBA3DB19B2AE53000493E4 /* VP_BG@2x.png in Resources */ = {isa = PBXBuildFile; fileRef = 35BBA33D19B2AE53000493E4 /* VP_BG@2x.png */; };
		35BBA3E819B2AE53000493E4 /* back-icon.png in Resources */ = {isa = PBXBuildFile; fileRef = 35BBA34C19B2AE53000493E4 /* back-icon.png */; };
		35BBA3E919B2AE53000493E4 /* back-icon@2x.png in Resources */ = {isa = PBXBuildFile; fileRef = 35BBA34D19B2AE53000493E4 /* back-icon@2x.png */; };
		35BBA3EA19B2AE53000493E4 /* BG.png in Resources */ = {isa = PBXBuildFile; fileRef = 35BBA34E19B2AE53000493E4 /* BG.png */; };
		35BBA3EB19B2AE53000493E4 /* BG@2x.png in Resources */ = {isa = PBXBuildFile; fileRef = 35BBA34F19B2AE53000493E4 /* BG@2x.png */; };
		35BBA3EC19B2AE53000493E4 /* form.png in Resources */ = {isa = PBXBuildFile; fileRef = 35BBA35019B2AE53000493E4 /* form.png */; };
		35BBA3ED19B2AE53000493E4 /* form@2x.png in Resources */ = {isa = PBXBuildFile; fileRef = 35BBA35119B2AE53000493E4 /* form@2x.png */; };
		35BBA3EE19B2AE53000493E4 /* menu-icon.png in Resources */ = {isa = PBXBuildFile; fileRef = 35BBA35219B2AE53000493E4 /* menu-icon.png */; };
		35BBA3EF19B2AE53000493E4 /* menu-icon@2x.png in Resources */ = {isa = PBXBuildFile; fileRef = 35BBA35319B2AE53000493E4 /* menu-icon@2x.png */; };
		35BBA3F019B2AE53000493E4 /* Send_Bar_BG.png in Resources */ = {isa = PBXBuildFile; fileRef = 35BBA35419B2AE53000493E4 /* Send_Bar_BG.png */; };
		35BBA3F119B2AE53000493E4 /* Send_Bar_BG@2x.png in Resources */ = {isa = PBXBuildFile; fileRef = 35BBA35519B2AE53000493E4 /* Send_Bar_BG@2x.png */; };
		35BBA3F419B2AE53000493E4 /* Top_NavBG.png in Resources */ = {isa = PBXBuildFile; fileRef = 35BBA35819B2AE53000493E4 /* Top_NavBG.png */; };
		35BBA3F519B2AE53000493E4 /* Top_NavBG@2x.png in Resources */ = {isa = PBXBuildFile; fileRef = 35BBA35919B2AE53000493E4 /* Top_NavBG@2x.png */; };
		35BBA3F619B2AE53000493E4 /* back-icon.png in Resources */ = {isa = PBXBuildFile; fileRef = 35BBA35B19B2AE53000493E4 /* back-icon.png */; };
		35BBA3F719B2AE53000493E4 /* back-icon@2x.png in Resources */ = {isa = PBXBuildFile; fileRef = 35BBA35C19B2AE53000493E4 /* back-icon@2x.png */; };
		35BBA3F819B2AE53000493E4 /* BG.png in Resources */ = {isa = PBXBuildFile; fileRef = 35BBA35D19B2AE53000493E4 /* BG.png */; };
		35BBA3F919B2AE53000493E4 /* BG@2x.png in Resources */ = {isa = PBXBuildFile; fileRef = 35BBA35E19B2AE53000493E4 /* BG@2x.png */; };
		35BBA3FA19B2AE53000493E4 /* EditProfile.png in Resources */ = {isa = PBXBuildFile; fileRef = 35BBA35F19B2AE53000493E4 /* EditProfile.png */; };
		35BBA3FB19B2AE53000493E4 /* EditProfile@2x.png in Resources */ = {isa = PBXBuildFile; fileRef = 35BBA36019B2AE53000493E4 /* EditProfile@2x.png */; };
		35BBA3FC19B2AE53000493E4 /* Logout.png in Resources */ = {isa = PBXBuildFile; fileRef = 35BBA36119B2AE53000493E4 /* Logout.png */; };
		35BBA3FD19B2AE53000493E4 /* Logout@2x.png in Resources */ = {isa = PBXBuildFile; fileRef = 35BBA36219B2AE53000493E4 /* Logout@2x.png */; };
		35BBA3FE19B2AE53000493E4 /* menu-icon.png in Resources */ = {isa = PBXBuildFile; fileRef = 35BBA36319B2AE53000493E4 /* menu-icon.png */; };
		35BBA3FF19B2AE53000493E4 /* menu-icon@2x.png in Resources */ = {isa = PBXBuildFile; fileRef = 35BBA36419B2AE53000493E4 /* menu-icon@2x.png */; };
		35BBA40219B2AE53000493E4 /* Top_NavBG.png in Resources */ = {isa = PBXBuildFile; fileRef = 35BBA36719B2AE53000493E4 /* Top_NavBG.png */; };
		35BBA40319B2AE53000493E4 /* Top_NavBG@2x.png in Resources */ = {isa = PBXBuildFile; fileRef = 35BBA36819B2AE53000493E4 /* Top_NavBG@2x.png */; };
		35BBA40419B2AE53000493E4 /* About_BG.png in Resources */ = {isa = PBXBuildFile; fileRef = 35BBA36A19B2AE53000493E4 /* About_BG.png */; };
		35BBA40519B2AE53000493E4 /* About_BG@2x.png in Resources */ = {isa = PBXBuildFile; fileRef = 35BBA36B19B2AE53000493E4 /* About_BG@2x.png */; };
		35BBA40619B2AE53000493E4 /* back-icon.png in Resources */ = {isa = PBXBuildFile; fileRef = 35BBA36C19B2AE53000493E4 /* back-icon.png */; };
		35BBA40719B2AE53000493E4 /* back-icon@2x.png in Resources */ = {isa = PBXBuildFile; fileRef = 35BBA36D19B2AE53000493E4 /* back-icon@2x.png */; };
		35BBA40819B2AE53000493E4 /* BG.png in Resources */ = {isa = PBXBuildFile; fileRef = 35BBA36E19B2AE53000493E4 /* BG.png */; };
		35BBA40919B2AE53000493E4 /* BG@2x.png in Resources */ = {isa = PBXBuildFile; fileRef = 35BBA36F19B2AE53000493E4 /* BG@2x.png */; };
		35BBA40A19B2AE53000493E4 /* menu-icon.png in Resources */ = {isa = PBXBuildFile; fileRef = 35BBA37019B2AE53000493E4 /* menu-icon.png */; };
		35BBA40B19B2AE53000493E4 /* menu-icon@2x.png in Resources */ = {isa = PBXBuildFile; fileRef = 35BBA37119B2AE53000493E4 /* menu-icon@2x.png */; };
		35BBA40E19B2AE53000493E4 /* Top_NavBG.png in Resources */ = {isa = PBXBuildFile; fileRef = 35BBA37419B2AE53000493E4 /* Top_NavBG.png */; };
		35BBA40F19B2AE53000493E4 /* Top_NavBG@2x.png in Resources */ = {isa = PBXBuildFile; fileRef = 35BBA37519B2AE53000493E4 /* Top_NavBG@2x.png */; };
		35BBA41019B2AE53000493E4 /* UserImage.png in Resources */ = {isa = PBXBuildFile; fileRef = 35BBA37619B2AE53000493E4 /* UserImage.png */; };
		35BBA41119B2AE53000493E4 /* UserImage@2x.png in Resources */ = {isa = PBXBuildFile; fileRef = 35BBA37719B2AE53000493E4 /* UserImage@2x.png */; };
		35BBA41219B2AE53000493E4 /* ChatNow_Icon.png in Resources */ = {isa = PBXBuildFile; fileRef = 35BBA37919B2AE53000493E4 /* ChatNow_Icon.png */; };
		35BBA41319B2AE53000493E4 /* ChatNow_Icon@2x.png in Resources */ = {isa = PBXBuildFile; fileRef = 35BBA37A19B2AE53000493E4 /* ChatNow_Icon@2x.png */; };
		35BBA41419B2AE53000493E4 /* Close-Button.png in Resources */ = {isa = PBXBuildFile; fileRef = 35BBA37B19B2AE53000493E4 /* Close-Button.png */; };
		35BBA41519B2AE53000493E4 /* Close-Button@2x.png in Resources */ = {isa = PBXBuildFile; fileRef = 35BBA37C19B2AE53000493E4 /* Close-Button@2x.png */; };
		35BBA41619B2AE53000493E4 /* back-icon.png in Resources */ = {isa = PBXBuildFile; fileRef = 35BBA37E19B2AE53000493E4 /* back-icon.png */; };
		35BBA41719B2AE53000493E4 /* back-icon@2x.png in Resources */ = {isa = PBXBuildFile; fileRef = 35BBA37F19B2AE53000493E4 /* back-icon@2x.png */; };
		35BBA41819B2AE53000493E4 /* ChatIcon.png in Resources */ = {isa = PBXBuildFile; fileRef = 35BBA38019B2AE53000493E4 /* ChatIcon.png */; };
		35BBA41919B2AE53000493E4 /* ChatIcon@2x.png in Resources */ = {isa = PBXBuildFile; fileRef = 35BBA38119B2AE53000493E4 /* ChatIcon@2x.png */; };
		35BBA41C19B2AE53000493E4 /* 1024_icon-1-01.png in Resources */ = {isa = PBXBuildFile; fileRef = 35BBA38619B2AE53000493E4 /* 1024_icon-1-01.png */; };
		35BBA42519B2AE53000493E4 /* iTunesArtwork.png in Resources */ = {isa = PBXBuildFile; fileRef = 35BBA39019B2AE53000493E4 /* iTunesArtwork.png */; };
		35BBA42619B2AE53000493E4 /* iTunesArtwork@2x.png in Resources */ = {isa = PBXBuildFile; fileRef = 35BBA39119B2AE53000493E4 /* iTunesArtwork@2x.png */; };
		35BBA43719B2AE53000493E4 /* Matched_Up_DesignV3_red.pdf in Resources */ = {isa = PBXBuildFile; fileRef = 35BBA3A319B2AE53000493E4 /* Matched_Up_DesignV3_red.pdf */; };
		35BBA43919B2AE6C000493E4 /* ProfileImage1.jpg in Resources */ = {isa = PBXBuildFile; fileRef = 35BBA43819B2AE6C000493E4 /* ProfileImage1.jpg */; };
		35BBA43C19B2AEC4000493E4 /* YILoginViewController.m in Sources */ = {isa = PBXBuildFile; fileRef = 35BBA43B19B2AEC4000493E4 /* YILoginViewController.m */; };
		35BBA44019B2AEE7000493E4 /* YIHomeViewController.m in Sources */ = {isa = PBXBuildFile; fileRef = 35BBA43F19B2AEE7000493E4 /* YIHomeViewController.m */; };
		35BBA44419B2AF18000493E4 /* YIConstants.m in Sources */ = {isa = PBXBuildFile; fileRef = 35BBA44319B2AF18000493E4 /* YIConstants.m */; };
		35BBA44819B2AF35000493E4 /* YISettingsViewController.m in Sources */ = {isa = PBXBuildFile; fileRef = 35BBA44619B2AF35000493E4 /* YISettingsViewController.m */; };
		35BBA44919B2AF35000493E4 /* defaultPrefsFile.plist in Resources */ = {isa = PBXBuildFile; fileRef = 35BBA44719B2AF35000493E4 /* defaultPrefsFile.plist */; };
		35BBA44F19B2AF60000493E4 /* YIEditProfileViewController.m in Sources */ = {isa = PBXBuildFile; fileRef = 35BBA44C19B2AF60000493E4 /* YIEditProfileViewController.m */; };
		35BBA45019B2AF60000493E4 /* YIProfileViewController.m in Sources */ = {isa = PBXBuildFile; fileRef = 35BBA44E19B2AF60000493E4 /* YIProfileViewController.m */; };
		35BBA45719B2AF97000493E4 /* YITestUser.m in Sources */ = {isa = PBXBuildFile; fileRef = 35BBA45419B2AF97000493E4 /* YITestUser.m */; };
		35BBA45819B2AF97000493E4 /* YIMatchViewController.m in Sources */ = {isa = PBXBuildFile; fileRef = 35BBA45619B2AF97000493E4 /* YIMatchViewController.m */; };
		35BBA45F19B2AFF7000493E4 /* YIMatchesViewController.m in Sources */ = {isa = PBXBuildFile; fileRef = 35BBA45C19B2AFF7000493E4 /* YIMatchesViewController.m */; };
		35BBA46019B2AFF7000493E4 /* YIChatViewController.m in Sources */ = {isa = PBXBuildFile; fileRef = 35BBA45E19B2AFF7000493E4 /* YIChatViewController.m */; };
		6F8C9E4835B04A45AD4D4974 /* libPods.a in Frameworks */ = {isa = PBXBuildFile; fileRef = BBB9EE9976AC46B183634D41 /* libPods.a */; };
/* End PBXBuildFile section */

/* Begin PBXContainerItemProxy section */
		35BBA2F019B2AB62000493E4 /* PBXContainerItemProxy */ = {
			isa = PBXContainerItemProxy;
			containerPortal = 35BBA2CE19B2AB62000493E4 /* Project object */;
			proxyType = 1;
			remoteGlobalIDString = 35BBA2D519B2AB62000493E4;
			remoteInfo = MatchMe;
		};
/* End PBXContainerItemProxy section */

/* Begin PBXFileReference section */
		201DE3C85B884E19943C18D1 /* Pods.xcconfig */ = {isa = PBXFileReference; includeInIndex = 1; lastKnownFileType = text.xcconfig; name = Pods.xcconfig; path = Pods/Pods.xcconfig; sourceTree = "<group>"; };
		354DCA4619B2C767009281AD /* ParseFacebookUtils.framework */ = {isa = PBXFileReference; lastKnownFileType = wrapper.framework; path = ParseFacebookUtils.framework; sourceTree = "<group>"; };
		354DCA5419B3941F009281AD /* InfoIcon@2x.png */ = {isa = PBXFileReference; lastKnownFileType = image.png; path = "InfoIcon@2x.png"; sourceTree = "<group>"; };
		354DCA5519B3941F009281AD /* DislikeIcon@2x.png */ = {isa = PBXFileReference; lastKnownFileType = image.png; path = "DislikeIcon@2x.png"; sourceTree = "<group>"; };
		354DCA5619B3941F009281AD /* LikeIcon@2x.png */ = {isa = PBXFileReference; lastKnownFileType = image.png; path = "LikeIcon@2x.png"; sourceTree = "<group>"; };
		354DCA7B19B3999C009281AD /* splash_640x960.png */ = {isa = PBXFileReference; lastKnownFileType = image.png; path = splash_640x960.png; sourceTree = "<group>"; };
		354DCA7D19B399A6009281AD /* splash_640x1136.png */ = {isa = PBXFileReference; lastKnownFileType = image.png; path = splash_640x1136.png; sourceTree = "<group>"; };
		354DCA8019B39AB2009281AD /* Icon-40.png */ = {isa = PBXFileReference; lastKnownFileType = image.png; path = "Icon-40.png"; sourceTree = "<group>"; };
		354DCA8119B39AB2009281AD /* Icon-40@2x.png */ = {isa = PBXFileReference; lastKnownFileType = image.png; path = "Icon-40@2x.png"; sourceTree = "<group>"; };
		354DCA8219B39AB2009281AD /* Icon-60.png */ = {isa = PBXFileReference; lastKnownFileType = image.png; path = "Icon-60.png"; sourceTree = "<group>"; };
		354DCA8319B39AB2009281AD /* Icon-60@2x.png */ = {isa = PBXFileReference; lastKnownFileType = image.png; path = "Icon-60@2x.png"; sourceTree = "<group>"; };
		354DCA8419B39AB2009281AD /* Icon-72.png */ = {isa = PBXFileReference; lastKnownFileType = image.png; path = "Icon-72.png"; sourceTree = "<group>"; };
		354DCA8519B39AB2009281AD /* Icon-72@2x.png */ = {isa = PBXFileReference; lastKnownFileType = image.png; path = "Icon-72@2x.png"; sourceTree = "<group>"; };
		354DCA8619B39AB2009281AD /* Icon-76.png */ = {isa = PBXFileReference; lastKnownFileType = image.png; path = "Icon-76.png"; sourceTree = "<group>"; };
		354DCA8719B39AB2009281AD /* Icon-76@2x.png */ = {isa = PBXFileReference; lastKnownFileType = image.png; path = "Icon-76@2x.png"; sourceTree = "<group>"; };
		354DCA8819B39AB2009281AD /* Icon-Small-50.png */ = {isa = PBXFileReference; lastKnownFileType = image.png; path = "Icon-Small-50.png"; sourceTree = "<group>"; };
		354DCA8919B39AB2009281AD /* Icon-Small-50@2x.png */ = {isa = PBXFileReference; lastKnownFileType = image.png; path = "Icon-Small-50@2x.png"; sourceTree = "<group>"; };
		354DCA8A19B39AB2009281AD /* Icon-Small.png */ = {isa = PBXFileReference; lastKnownFileType = image.png; path = "Icon-Small.png"; sourceTree = "<group>"; };
		354DCA8B19B39AB2009281AD /* Icon-Small@2x.png */ = {isa = PBXFileReference; lastKnownFileType = image.png; path = "Icon-Small@2x.png"; sourceTree = "<group>"; };
		354DCA8C19B39AB2009281AD /* Icon.png */ = {isa = PBXFileReference; lastKnownFileType = image.png; path = Icon.png; sourceTree = "<group>"; };
		354DCA8D19B39AB2009281AD /* Icon@2x.png */ = {isa = PBXFileReference; lastKnownFileType = image.png; path = "Icon@2x.png"; sourceTree = "<group>"; };
		354DCA8E19B39AB2009281AD /* iTunesArtwork.png */ = {isa = PBXFileReference; lastKnownFileType = image.png; path = iTunesArtwork.png; sourceTree = "<group>"; };
		354DCA8F19B39AB2009281AD /* iTunesArtwork@2x.png */ = {isa = PBXFileReference; lastKnownFileType = image.png; path = "iTunesArtwork@2x.png"; sourceTree = "<group>"; };
		354DCAA019B39AE3009281AD /* icon_1024x1024.png */ = {isa = PBXFileReference; lastKnownFileType = image.png; path = icon_1024x1024.png; sourceTree = "<group>"; };
		354DCAA219B3A251009281AD /* SettingIcon.png */ = {isa = PBXFileReference; lastKnownFileType = image.png; path = SettingIcon.png; sourceTree = "<group>"; };
		354DCAA319B3A251009281AD /* SettingIcon@2x.png */ = {isa = PBXFileReference; lastKnownFileType = image.png; path = "SettingIcon@2x.png"; sourceTree = "<group>"; };
		354DCAA619B3A31E009281AD /* DislikeIcon.png */ = {isa = PBXFileReference; lastKnownFileType = image.png; path = DislikeIcon.png; sourceTree = "<group>"; };
		354DCAA719B3A31E009281AD /* LikeIcon.png */ = {isa = PBXFileReference; lastKnownFileType = image.png; path = LikeIcon.png; sourceTree = "<group>"; };
		354DCAA819B3A31E009281AD /* InfoIcon.png */ = {isa = PBXFileReference; lastKnownFileType = image.png; path = InfoIcon.png; sourceTree = "<group>"; };
		354DCAB019B3A6BE009281AD /* Logo.png */ = {isa = PBXFileReference; lastKnownFileType = image.png; path = Logo.png; sourceTree = "<group>"; };
		354DCAB119B3A6BE009281AD /* Logo@2x.png */ = {isa = PBXFileReference; lastKnownFileType = image.png; path = "Logo@2x.png"; sourceTree = "<group>"; };
		354DCAB419B3ABA1009281AD /* AgeIcon.png */ = {isa = PBXFileReference; lastKnownFileType = image.png; path = AgeIcon.png; sourceTree = "<group>"; };
		354DCAB519B3ABA1009281AD /* AgeIcon@2x.png */ = {isa = PBXFileReference; lastKnownFileType = image.png; path = "AgeIcon@2x.png"; sourceTree = "<group>"; };
		354DCAB619B3ABA1009281AD /* location.png */ = {isa = PBXFileReference; lastKnownFileType = image.png; path = location.png; sourceTree = "<group>"; };
		354DCAB719B3ABA1009281AD /* location@2x.png */ = {isa = PBXFileReference; lastKnownFileType = image.png; path = "location@2x.png"; sourceTree = "<group>"; };
		354DCAB819B3ABA1009281AD /* StatusIcon.png */ = {isa = PBXFileReference; lastKnownFileType = image.png; path = StatusIcon.png; sourceTree = "<group>"; };
		354DCAB919B3ABA1009281AD /* StatusIcon@2x.png */ = {isa = PBXFileReference; lastKnownFileType = image.png; path = "StatusIcon@2x.png"; sourceTree = "<group>"; };
		354DCAC019B3ADCB009281AD /* Chat_user.png */ = {isa = PBXFileReference; lastKnownFileType = image.png; path = Chat_user.png; sourceTree = "<group>"; };
		354DCAC119B3ADCB009281AD /* Chat_user@2x.png */ = {isa = PBXFileReference; lastKnownFileType = image.png; path = "Chat_user@2x.png"; sourceTree = "<group>"; };
		354DCAC419B3B819009281AD /* README.md */ = {isa = PBXFileReference; fileEncoding = 4; lastKnownFileType = net.daringfireball.markdown; path = README.md; sourceTree = "<group>"; };
		35BBA2D619B2AB62000493E4 /* MatchMe.app */ = {isa = PBXFileReference; explicitFileType = wrapper.application; includeInIndex = 0; path = MatchMe.app; sourceTree = BUILT_PRODUCTS_DIR; };
		35BBA2DA19B2AB62000493E4 /* Info.plist */ = {isa = PBXFileReference; lastKnownFileType = text.plist.xml; path = Info.plist; sourceTree = "<group>"; };
		35BBA2DB19B2AB62000493E4 /* main.m */ = {isa = PBXFileReference; lastKnownFileType = sourcecode.c.objc; path = main.m; sourceTree = "<group>"; };
		35BBA2DD19B2AB62000493E4 /* AppDelegate.h */ = {isa = PBXFileReference; lastKnownFileType = sourcecode.c.h; path = AppDelegate.h; sourceTree = "<group>"; };
		35BBA2DE19B2AB62000493E4 /* AppDelegate.m */ = {isa = PBXFileReference; lastKnownFileType = sourcecode.c.objc; path = AppDelegate.m; sourceTree = "<group>"; };
		35BBA2E119B2AB62000493E4 /* MatchMe.xcdatamodel */ = {isa = PBXFileReference; lastKnownFileType = wrapper.xcdatamodel; path = MatchMe.xcdatamodel; sourceTree = "<group>"; };
		35BBA2E719B2AB62000493E4 /* Base */ = {isa = PBXFileReference; lastKnownFileType = file.storyboard; name = Base; path = Base.lproj/Main.storyboard; sourceTree = "<group>"; };
		35BBA2E919B2AB62000493E4 /* Images.xcassets */ = {isa = PBXFileReference; lastKnownFileType = folder.assetcatalog; path = Images.xcassets; sourceTree = "<group>"; };
		35BBA2EF19B2AB62000493E4 /* MatchMeTests.xctest */ = {isa = PBXFileReference; explicitFileType = wrapper.cfbundle; includeInIndex = 0; path = MatchMeTests.xctest; sourceTree = BUILT_PRODUCTS_DIR; };
		35BBA2F419B2AB62000493E4 /* Info.plist */ = {isa = PBXFileReference; lastKnownFileType = text.plist.xml; path = Info.plist; sourceTree = "<group>"; };
		35BBA2F519B2AB62000493E4 /* MatchMeTests.m */ = {isa = PBXFileReference; lastKnownFileType = sourcecode.c.objc; path = MatchMeTests.m; sourceTree = "<group>"; };
		35BBA30319B2AE53000493E4 /* BG.png */ = {isa = PBXFileReference; lastKnownFileType = image.png; path = BG.png; sourceTree = "<group>"; };
		35BBA30419B2AE53000493E4 /* BG@2x.png */ = {isa = PBXFileReference; lastKnownFileType = image.png; path = "BG@2x.png"; sourceTree = "<group>"; };
		35BBA30519B2AE53000493E4 /* BG.png */ = {isa = PBXFileReference; lastKnownFileType = image.png; path = BG.png; sourceTree = "<group>"; };
		35BBA30619B2AE53000493E4 /* BG@2x.png */ = {isa = PBXFileReference; lastKnownFileType = image.png; path = "BG@2x.png"; sourceTree = "<group>"; };
		35BBA30819B2AE53000493E4 /* Facebook.png */ = {isa = PBXFileReference; lastKnownFileType = image.png; path = Facebook.png; sourceTree = "<group>"; };
		35BBA30919B2AE53000493E4 /* Facebook@2x.png */ = {isa = PBXFileReference; lastKnownFileType = image.png; path = "Facebook@2x.png"; sourceTree = "<group>"; };
		35BBA30D19B2AE53000493E4 /* BG.png */ = {isa = PBXFileReference; lastKnownFileType = image.png; path = BG.png; sourceTree = "<group>"; };
		35BBA30E19B2AE53000493E4 /* BG@2x.png */ = {isa = PBXFileReference; lastKnownFileType = image.png; path = "BG@2x.png"; sourceTree = "<group>"; };
		35BBA30F19B2AE53000493E4 /* ChatIcon.png */ = {isa = PBXFileReference; lastKnownFileType = image.png; path = ChatIcon.png; sourceTree = "<group>"; };
		35BBA31019B2AE53000493E4 /* ChatIcon@2x.png */ = {isa = PBXFileReference; lastKnownFileType = image.png; path = "ChatIcon@2x.png"; sourceTree = "<group>"; };
		35BBA31719B2AE53000493E4 /* Matched-Up.png */ = {isa = PBXFileReference; lastKnownFileType = image.png; path = "Matched-Up.png"; sourceTree = "<group>"; };
		35BBA31819B2AE53000493E4 /* Matched-Up@2x.png */ = {isa = PBXFileReference; lastKnownFileType = image.png; path = "Matched-Up@2x.png"; sourceTree = "<group>"; };
		35BBA31B19B2AE53000493E4 /* Top_NavBG.png */ = {isa = PBXFileReference; lastKnownFileType = image.png; path = Top_NavBG.png; sourceTree = "<group>"; };
		35BBA31C19B2AE53000493E4 /* Top_NavBG@2x.png */ = {isa = PBXFileReference; lastKnownFileType = image.png; path = "Top_NavBG@2x.png"; sourceTree = "<group>"; };
		35BBA31D19B2AE53000493E4 /* User_Image.png */ = {isa = PBXFileReference; lastKnownFileType = image.png; path = User_Image.png; sourceTree = "<group>"; };
		35BBA31E19B2AE53000493E4 /* User_Image@2x.png */ = {isa = PBXFileReference; lastKnownFileType = image.png; path = "User_Image@2x.png"; sourceTree = "<group>"; };
		35BBA31F19B2AE53000493E4 /* VP_BG.png */ = {isa = PBXFileReference; lastKnownFileType = image.png; path = VP_BG.png; sourceTree = "<group>"; };
		35BBA32019B2AE53000493E4 /* VP_BG@2x.png */ = {isa = PBXFileReference; lastKnownFileType = image.png; path = "VP_BG@2x.png"; sourceTree = "<group>"; };
		35BBA32219B2AE53000493E4 /* About_BG.png */ = {isa = PBXFileReference; lastKnownFileType = image.png; path = About_BG.png; sourceTree = "<group>"; };
		35BBA32319B2AE53000493E4 /* About_BG@2x.png */ = {isa = PBXFileReference; lastKnownFileType = image.png; path = "About_BG@2x.png"; sourceTree = "<group>"; };
		35BBA32619B2AE53000493E4 /* BG.png */ = {isa = PBXFileReference; lastKnownFileType = image.png; path = BG.png; sourceTree = "<group>"; };
		35BBA32719B2AE53000493E4 /* BG@2x.png */ = {isa = PBXFileReference; lastKnownFileType = image.png; path = "BG@2x.png"; sourceTree = "<group>"; };
		35BBA32819B2AE53000493E4 /* ChatIcon.png */ = {isa = PBXFileReference; lastKnownFileType = image.png; path = ChatIcon.png; sourceTree = "<group>"; };
		35BBA32919B2AE53000493E4 /* ChatIcon@2x.png */ = {isa = PBXFileReference; lastKnownFileType = image.png; path = "ChatIcon@2x.png"; sourceTree = "<group>"; };
		35BBA33219B2AE53000493E4 /* NameAgeStatusBar.png */ = {isa = PBXFileReference; lastKnownFileType = image.png; path = NameAgeStatusBar.png; sourceTree = "<group>"; };
		35BBA33319B2AE53000493E4 /* NameAgeStatusBar@2x.png */ = {isa = PBXFileReference; lastKnownFileType = image.png; path = "NameAgeStatusBar@2x.png"; sourceTree = "<group>"; };
		35BBA33619B2AE53000493E4 /* Single.png */ = {isa = PBXFileReference; lastKnownFileType = image.png; path = Single.png; sourceTree = "<group>"; };
		35BBA33719B2AE53000493E4 /* Single@2x.png */ = {isa = PBXFileReference; lastKnownFileType = image.png; path = "Single@2x.png"; sourceTree = "<group>"; };
		35BBA33A19B2AE53000493E4 /* UserImage.png */ = {isa = PBXFileReference; lastKnownFileType = image.png; path = UserImage.png; sourceTree = "<group>"; };
		35BBA33B19B2AE53000493E4 /* UserImage@2x.png */ = {isa = PBXFileReference; lastKnownFileType = image.png; path = "UserImage@2x.png"; sourceTree = "<group>"; };
		35BBA33C19B2AE53000493E4 /* VP_BG.png */ = {isa = PBXFileReference; lastKnownFileType = image.png; path = VP_BG.png; sourceTree = "<group>"; };
		35BBA33D19B2AE53000493E4 /* VP_BG@2x.png */ = {isa = PBXFileReference; lastKnownFileType = image.png; path = "VP_BG@2x.png"; sourceTree = "<group>"; };
		35BBA34C19B2AE53000493E4 /* back-icon.png */ = {isa = PBXFileReference; lastKnownFileType = image.png; path = "back-icon.png"; sourceTree = "<group>"; };
		35BBA34D19B2AE53000493E4 /* back-icon@2x.png */ = {isa = PBXFileReference; lastKnownFileType = image.png; path = "back-icon@2x.png"; sourceTree = "<group>"; };
		35BBA34E19B2AE53000493E4 /* BG.png */ = {isa = PBXFileReference; lastKnownFileType = image.png; path = BG.png; sourceTree = "<group>"; };
		35BBA34F19B2AE53000493E4 /* BG@2x.png */ = {isa = PBXFileReference; lastKnownFileType = image.png; path = "BG@2x.png"; sourceTree = "<group>"; };
		35BBA35019B2AE53000493E4 /* form.png */ = {isa = PBXFileReference; lastKnownFileType = image.png; path = form.png; sourceTree = "<group>"; };
		35BBA35119B2AE53000493E4 /* form@2x.png */ = {isa = PBXFileReference; lastKnownFileType = image.png; path = "form@2x.png"; sourceTree = "<group>"; };
		35BBA35219B2AE53000493E4 /* menu-icon.png */ = {isa = PBXFileReference; lastKnownFileType = image.png; path = "menu-icon.png"; sourceTree = "<group>"; };
		35BBA35319B2AE53000493E4 /* menu-icon@2x.png */ = {isa = PBXFileReference; lastKnownFileType = image.png; path = "menu-icon@2x.png"; sourceTree = "<group>"; };
		35BBA35419B2AE53000493E4 /* Send_Bar_BG.png */ = {isa = PBXFileReference; lastKnownFileType = image.png; path = Send_Bar_BG.png; sourceTree = "<group>"; };
		35BBA35519B2AE53000493E4 /* Send_Bar_BG@2x.png */ = {isa = PBXFileReference; lastKnownFileType = image.png; path = "Send_Bar_BG@2x.png"; sourceTree = "<group>"; };
		35BBA35819B2AE53000493E4 /* Top_NavBG.png */ = {isa = PBXFileReference; lastKnownFileType = image.png; path = Top_NavBG.png; sourceTree = "<group>"; };
		35BBA35919B2AE53000493E4 /* Top_NavBG@2x.png */ = {isa = PBXFileReference; lastKnownFileType = image.png; path = "Top_NavBG@2x.png"; sourceTree = "<group>"; };
		35BBA35B19B2AE53000493E4 /* back-icon.png */ = {isa = PBXFileReference; lastKnownFileType = image.png; path = "back-icon.png"; sourceTree = "<group>"; };
		35BBA35C19B2AE53000493E4 /* back-icon@2x.png */ = {isa = PBXFileReference; lastKnownFileType = image.png; path = "back-icon@2x.png"; sourceTree = "<group>"; };
		35BBA35D19B2AE53000493E4 /* BG.png */ = {isa = PBXFileReference; lastKnownFileType = image.png; path = BG.png; sourceTree = "<group>"; };
		35BBA35E19B2AE53000493E4 /* BG@2x.png */ = {isa = PBXFileReference; lastKnownFileType = image.png; path = "BG@2x.png"; sourceTree = "<group>"; };
		35BBA35F19B2AE53000493E4 /* EditProfile.png */ = {isa = PBXFileReference; lastKnownFileType = image.png; path = EditProfile.png; sourceTree = "<group>"; };
		35BBA36019B2AE53000493E4 /* EditProfile@2x.png */ = {isa = PBXFileReference; lastKnownFileType = image.png; path = "EditProfile@2x.png"; sourceTree = "<group>"; };
		35BBA36119B2AE53000493E4 /* Logout.png */ = {isa = PBXFileReference; lastKnownFileType = image.png; path = Logout.png; sourceTree = "<group>"; };
		35BBA36219B2AE53000493E4 /* Logout@2x.png */ = {isa = PBXFileReference; lastKnownFileType = image.png; path = "Logout@2x.png"; sourceTree = "<group>"; };
		35BBA36319B2AE53000493E4 /* menu-icon.png */ = {isa = PBXFileReference; lastKnownFileType = image.png; path = "menu-icon.png"; sourceTree = "<group>"; };
		35BBA36419B2AE53000493E4 /* menu-icon@2x.png */ = {isa = PBXFileReference; lastKnownFileType = image.png; path = "menu-icon@2x.png"; sourceTree = "<group>"; };
		35BBA36719B2AE53000493E4 /* Top_NavBG.png */ = {isa = PBXFileReference; lastKnownFileType = image.png; path = Top_NavBG.png; sourceTree = "<group>"; };
		35BBA36819B2AE53000493E4 /* Top_NavBG@2x.png */ = {isa = PBXFileReference; lastKnownFileType = image.png; path = "Top_NavBG@2x.png"; sourceTree = "<group>"; };
		35BBA36A19B2AE53000493E4 /* About_BG.png */ = {isa = PBXFileReference; lastKnownFileType = image.png; path = About_BG.png; sourceTree = "<group>"; };
		35BBA36B19B2AE53000493E4 /* About_BG@2x.png */ = {isa = PBXFileReference; lastKnownFileType = image.png; path = "About_BG@2x.png"; sourceTree = "<group>"; };
		35BBA36C19B2AE53000493E4 /* back-icon.png */ = {isa = PBXFileReference; lastKnownFileType = image.png; path = "back-icon.png"; sourceTree = "<group>"; };
		35BBA36D19B2AE53000493E4 /* back-icon@2x.png */ = {isa = PBXFileReference; lastKnownFileType = image.png; path = "back-icon@2x.png"; sourceTree = "<group>"; };
		35BBA36E19B2AE53000493E4 /* BG.png */ = {isa = PBXFileReference; lastKnownFileType = image.png; path = BG.png; sourceTree = "<group>"; };
		35BBA36F19B2AE53000493E4 /* BG@2x.png */ = {isa = PBXFileReference; lastKnownFileType = image.png; path = "BG@2x.png"; sourceTree = "<group>"; };
		35BBA37019B2AE53000493E4 /* menu-icon.png */ = {isa = PBXFileReference; lastKnownFileType = image.png; path = "menu-icon.png"; sourceTree = "<group>"; };
		35BBA37119B2AE53000493E4 /* menu-icon@2x.png */ = {isa = PBXFileReference; lastKnownFileType = image.png; path = "menu-icon@2x.png"; sourceTree = "<group>"; };
		35BBA37419B2AE53000493E4 /* Top_NavBG.png */ = {isa = PBXFileReference; lastKnownFileType = image.png; path = Top_NavBG.png; sourceTree = "<group>"; };
		35BBA37519B2AE53000493E4 /* Top_NavBG@2x.png */ = {isa = PBXFileReference; lastKnownFileType = image.png; path = "Top_NavBG@2x.png"; sourceTree = "<group>"; };
		35BBA37619B2AE53000493E4 /* UserImage.png */ = {isa = PBXFileReference; lastKnownFileType = image.png; path = UserImage.png; sourceTree = "<group>"; };
		35BBA37719B2AE53000493E4 /* UserImage@2x.png */ = {isa = PBXFileReference; lastKnownFileType = image.png; path = "UserImage@2x.png"; sourceTree = "<group>"; };
		35BBA37919B2AE53000493E4 /* ChatNow_Icon.png */ = {isa = PBXFileReference; lastKnownFileType = image.png; path = ChatNow_Icon.png; sourceTree = "<group>"; };
		35BBA37A19B2AE53000493E4 /* ChatNow_Icon@2x.png */ = {isa = PBXFileReference; lastKnownFileType = image.png; path = "ChatNow_Icon@2x.png"; sourceTree = "<group>"; };
		35BBA37B19B2AE53000493E4 /* Close-Button.png */ = {isa = PBXFileReference; lastKnownFileType = image.png; path = "Close-Button.png"; sourceTree = "<group>"; };
		35BBA37C19B2AE53000493E4 /* Close-Button@2x.png */ = {isa = PBXFileReference; lastKnownFileType = image.png; path = "Close-Button@2x.png"; sourceTree = "<group>"; };
		35BBA37E19B2AE53000493E4 /* back-icon.png */ = {isa = PBXFileReference; lastKnownFileType = image.png; path = "back-icon.png"; sourceTree = "<group>"; };
		35BBA37F19B2AE53000493E4 /* back-icon@2x.png */ = {isa = PBXFileReference; lastKnownFileType = image.png; path = "back-icon@2x.png"; sourceTree = "<group>"; };
		35BBA38019B2AE53000493E4 /* ChatIcon.png */ = {isa = PBXFileReference; lastKnownFileType = image.png; path = ChatIcon.png; sourceTree = "<group>"; };
		35BBA38119B2AE53000493E4 /* ChatIcon@2x.png */ = {isa = PBXFileReference; lastKnownFileType = image.png; path = "ChatIcon@2x.png"; sourceTree = "<group>"; };
		35BBA38619B2AE53000493E4 /* 1024_icon-1-01.png */ = {isa = PBXFileReference; lastKnownFileType = image.png; path = "1024_icon-1-01.png"; sourceTree = "<group>"; };
		35BBA39019B2AE53000493E4 /* iTunesArtwork.png */ = {isa = PBXFileReference; lastKnownFileType = image.png; path = iTunesArtwork.png; sourceTree = "<group>"; };
		35BBA39119B2AE53000493E4 /* iTunesArtwork@2x.png */ = {isa = PBXFileReference; lastKnownFileType = image.png; path = "iTunesArtwork@2x.png"; sourceTree = "<group>"; };
		35BBA3A319B2AE53000493E4 /* Matched_Up_DesignV3_red.pdf */ = {isa = PBXFileReference; lastKnownFileType = image.pdf; path = Matched_Up_DesignV3_red.pdf; sourceTree = "<group>"; };
		35BBA43819B2AE6C000493E4 /* ProfileImage1.jpg */ = {isa = PBXFileReference; lastKnownFileType = image.jpeg; path = ProfileImage1.jpg; sourceTree = "<group>"; };
		35BBA43A19B2AEC4000493E4 /* YILoginViewController.h */ = {isa = PBXFileReference; fileEncoding = 4; lastKnownFileType = sourcecode.c.h; path = YILoginViewController.h; sourceTree = "<group>"; };
		35BBA43B19B2AEC4000493E4 /* YILoginViewController.m */ = {isa = PBXFileReference; fileEncoding = 4; lastKnownFileType = sourcecode.c.objc; path = YILoginViewController.m; sourceTree = "<group>"; };
		35BBA43E19B2AEE7000493E4 /* YIHomeViewController.h */ = {isa = PBXFileReference; fileEncoding = 4; lastKnownFileType = sourcecode.c.h; path = YIHomeViewController.h; sourceTree = "<group>"; };
		35BBA43F19B2AEE7000493E4 /* YIHomeViewController.m */ = {isa = PBXFileReference; fileEncoding = 4; lastKnownFileType = sourcecode.c.objc; path = YIHomeViewController.m; sourceTree = "<group>"; };
		35BBA44219B2AF18000493E4 /* YIConstants.h */ = {isa = PBXFileReference; fileEncoding = 4; lastKnownFileType = sourcecode.c.h; path = YIConstants.h; sourceTree = "<group>"; };
		35BBA44319B2AF18000493E4 /* YIConstants.m */ = {isa = PBXFileReference; fileEncoding = 4; lastKnownFileType = sourcecode.c.objc; path = YIConstants.m; sourceTree = "<group>"; };
		35BBA44519B2AF35000493E4 /* YISettingsViewController.h */ = {isa = PBXFileReference; fileEncoding = 4; lastKnownFileType = sourcecode.c.h; path = YISettingsViewController.h; sourceTree = "<group>"; };
		35BBA44619B2AF35000493E4 /* YISettingsViewController.m */ = {isa = PBXFileReference; fileEncoding = 4; lastKnownFileType = sourcecode.c.objc; path = YISettingsViewController.m; sourceTree = "<group>"; };
		35BBA44719B2AF35000493E4 /* defaultPrefsFile.plist */ = {isa = PBXFileReference; fileEncoding = 4; lastKnownFileType = text.plist.xml; path = defaultPrefsFile.plist; sourceTree = "<group>"; };
		35BBA44B19B2AF60000493E4 /* YIEditProfileViewController.h */ = {isa = PBXFileReference; fileEncoding = 4; lastKnownFileType = sourcecode.c.h; path = YIEditProfileViewController.h; sourceTree = "<group>"; };
		35BBA44C19B2AF60000493E4 /* YIEditProfileViewController.m */ = {isa = PBXFileReference; fileEncoding = 4; lastKnownFileType = sourcecode.c.objc; path = YIEditProfileViewController.m; sourceTree = "<group>"; };
		35BBA44D19B2AF60000493E4 /* YIProfileViewController.h */ = {isa = PBXFileReference; fileEncoding = 4; lastKnownFileType = sourcecode.c.h; path = YIProfileViewController.h; sourceTree = "<group>"; };
		35BBA44E19B2AF60000493E4 /* YIProfileViewController.m */ = {isa = PBXFileReference; fileEncoding = 4; lastKnownFileType = sourcecode.c.objc; path = YIProfileViewController.m; sourceTree = "<group>"; };
		35BBA45319B2AF97000493E4 /* YITestUser.h */ = {isa = PBXFileReference; fileEncoding = 4; lastKnownFileType = sourcecode.c.h; path = YITestUser.h; sourceTree = "<group>"; };
		35BBA45419B2AF97000493E4 /* YITestUser.m */ = {isa = PBXFileReference; fileEncoding = 4; lastKnownFileType = sourcecode.c.objc; path = YITestUser.m; sourceTree = "<group>"; };
		35BBA45519B2AF97000493E4 /* YIMatchViewController.h */ = {isa = PBXFileReference; fileEncoding = 4; lastKnownFileType = sourcecode.c.h; path = YIMatchViewController.h; sourceTree = "<group>"; };
		35BBA45619B2AF97000493E4 /* YIMatchViewController.m */ = {isa = PBXFileReference; fileEncoding = 4; lastKnownFileType = sourcecode.c.objc; path = YIMatchViewController.m; sourceTree = "<group>"; };
		35BBA45B19B2AFF7000493E4 /* YIMatchesViewController.h */ = {isa = PBXFileReference; fileEncoding = 4; lastKnownFileType = sourcecode.c.h; path = YIMatchesViewController.h; sourceTree = "<group>"; };
		35BBA45C19B2AFF7000493E4 /* YIMatchesViewController.m */ = {isa = PBXFileReference; fileEncoding = 4; lastKnownFileType = sourcecode.c.objc; path = YIMatchesViewController.m; sourceTree = "<group>"; };
		35BBA45D19B2AFF7000493E4 /* YIChatViewController.h */ = {isa = PBXFileReference; fileEncoding = 4; lastKnownFileType = sourcecode.c.h; path = YIChatViewController.h; sourceTree = "<group>"; };
		35BBA45E19B2AFF7000493E4 /* YIChatViewController.m */ = {isa = PBXFileReference; fileEncoding = 4; lastKnownFileType = sourcecode.c.objc; path = YIChatViewController.m; sourceTree = "<group>"; };
		BBB9EE9976AC46B183634D41 /* libPods.a */ = {isa = PBXFileReference; explicitFileType = archive.ar; includeInIndex = 0; path = libPods.a; sourceTree = BUILT_PRODUCTS_DIR; };
/* End PBXFileReference section */

/* Begin PBXFrameworksBuildPhase section */
		35BBA2D319B2AB62000493E4 /* Frameworks */ = {
			isa = PBXFrameworksBuildPhase;
			buildActionMask = 2147483647;
			files = (
				354DCA4719B2C767009281AD /* ParseFacebookUtils.framework in Frameworks */,
				6F8C9E4835B04A45AD4D4974 /* libPods.a in Frameworks */,
			);
			runOnlyForDeploymentPostprocessing = 0;
		};
		35BBA2EC19B2AB62000493E4 /* Frameworks */ = {
			isa = PBXFrameworksBuildPhase;
			buildActionMask = 2147483647;
			files = (
			);
			runOnlyForDeploymentPostprocessing = 0;
		};
/* End PBXFrameworksBuildPhase section */

/* Begin PBXGroup section */
		354DCA7F19B39AB2009281AD /* ios7 */ = {
			isa = PBXGroup;
			children = (
				354DCAA019B39AE3009281AD /* icon_1024x1024.png */,
				354DCA8019B39AB2009281AD /* Icon-40.png */,
				354DCA8119B39AB2009281AD /* Icon-40@2x.png */,
				354DCA8219B39AB2009281AD /* Icon-60.png */,
				354DCA8319B39AB2009281AD /* Icon-60@2x.png */,
				354DCA8419B39AB2009281AD /* Icon-72.png */,
				354DCA8519B39AB2009281AD /* Icon-72@2x.png */,
				354DCA8619B39AB2009281AD /* Icon-76.png */,
				354DCA8719B39AB2009281AD /* Icon-76@2x.png */,
				354DCA8819B39AB2009281AD /* Icon-Small-50.png */,
				354DCA8919B39AB2009281AD /* Icon-Small-50@2x.png */,
				354DCA8A19B39AB2009281AD /* Icon-Small.png */,
				354DCA8B19B39AB2009281AD /* Icon-Small@2x.png */,
				354DCA8C19B39AB2009281AD /* Icon.png */,
				354DCA8D19B39AB2009281AD /* Icon@2x.png */,
				354DCA8E19B39AB2009281AD /* iTunesArtwork.png */,
				354DCA8F19B39AB2009281AD /* iTunesArtwork@2x.png */,
			);
			path = ios7;
			sourceTree = "<group>";
		};
		35BBA2CD19B2AB62000493E4 = {
			isa = PBXGroup;
			children = (
				35BBA2D819B2AB62000493E4 /* MatchMe */,
				35BBA2F219B2AB62000493E4 /* MatchMeTests */,
				35BBA2D719B2AB62000493E4 /* Products */,
				201DE3C85B884E19943C18D1 /* Pods.xcconfig */,
				9B157EF3D23D404F8CC5DECD /* Frameworks */,
			);
			sourceTree = "<group>";
		};
		35BBA2D719B2AB62000493E4 /* Products */ = {
			isa = PBXGroup;
			children = (
				35BBA2D619B2AB62000493E4 /* MatchMe.app */,
				35BBA2EF19B2AB62000493E4 /* MatchMeTests.xctest */,
			);
			name = Products;
			sourceTree = "<group>";
		};
		35BBA2D819B2AB62000493E4 /* MatchMe */ = {
			isa = PBXGroup;
			children = (
				35BBA2DD19B2AB62000493E4 /* AppDelegate.h */,
				35BBA2DE19B2AB62000493E4 /* AppDelegate.m */,
				35BBA43D19B2AEC9000493E4 /* Login */,
				35BBA44119B2AEEB000493E4 /* Home */,
				35BBA44A19B2AF3B000493E4 /* Settings */,
				35BBA45119B2AF65000493E4 /* Edit Profile */,
				35BBA45219B2AF79000493E4 /* Profile */,
				35BBA45A19B2AFA9000493E4 /* Test User */,
				35BBA45919B2AF9F000493E4 /* Match */,
				35BBA46119B2AFFB000493E4 /* Matches */,
				35BBA46219B2B00C000493E4 /* Chat */,
				35BBA44219B2AF18000493E4 /* YIConstants.h */,
				35BBA44319B2AF18000493E4 /* YIConstants.m */,
				35BBA2E619B2AB62000493E4 /* Main.storyboard */,
				35BBA2E919B2AB62000493E4 /* Images.xcassets */,
				35BBA2E019B2AB62000493E4 /* MatchMe.xcdatamodeld */,
				35BBA2FF19B2ADC9000493E4 /* Assets */,
				35BBA2D919B2AB62000493E4 /* Supporting Files */,
				354DCAC419B3B819009281AD /* README.md */,
			);
			path = MatchMe;
			sourceTree = "<group>";
		};
		35BBA2D919B2AB62000493E4 /* Supporting Files */ = {
			isa = PBXGroup;
			children = (
				35BBA2DA19B2AB62000493E4 /* Info.plist */,
				35BBA2DB19B2AB62000493E4 /* main.m */,
			);
			name = "Supporting Files";
			sourceTree = "<group>";
		};
		35BBA2F219B2AB62000493E4 /* MatchMeTests */ = {
			isa = PBXGroup;
			children = (
				35BBA2F519B2AB62000493E4 /* MatchMeTests.m */,
				35BBA2F319B2AB62000493E4 /* Supporting Files */,
			);
			path = MatchMeTests;
			sourceTree = "<group>";
		};
		35BBA2F319B2AB62000493E4 /* Supporting Files */ = {
			isa = PBXGroup;
			children = (
				35BBA2F419B2AB62000493E4 /* Info.plist */,
			);
			name = "Supporting Files";
			sourceTree = "<group>";
		};
		35BBA2FF19B2ADC9000493E4 /* Assets */ = {
			isa = PBXGroup;
			children = (
				35BBA43819B2AE6C000493E4 /* ProfileImage1.jpg */,
				35BBA30019B2AE53000493E4 /* Matched_Up_assets */,
			);
			name = Assets;
			sourceTree = "<group>";
		};
		35BBA30019B2AE53000493E4 /* Matched_Up_assets */ = {
			isa = PBXGroup;
			children = (
				35BBA30119B2AE53000493E4 /* 00_SplashPage */,
				35BBA30719B2AE53000493E4 /* 01_LoginScreen */,
				35BBA30C19B2AE53000493E4 /* 02_HomeScreen */,
				35BBA32119B2AE53000493E4 /* 03_Profile */,
				35BBA33E19B2AE53000493E4 /* 04_ChatList */,
				35BBA34B19B2AE53000493E4 /* 05_ChatWindow */,
				35BBA35A19B2AE53000493E4 /* 06_Settings */,
				35BBA36919B2AE53000493E4 /* 07_Profile_Edit */,
				35BBA37819B2AE53000493E4 /* 08_Match */,
				35BBA37D19B2AE53000493E4 /* _44px_Icon */,
				35BBA38419B2AE53000493E4 /* appicon */,
				35BBA3A319B2AE53000493E4 /* Matched_Up_DesignV3_red.pdf */,
			);
			path = Matched_Up_assets;
			sourceTree = "<group>";
		};
		35BBA30119B2AE53000493E4 /* 00_SplashPage */ = {
			isa = PBXGroup;
			children = (
				35BBA30219B2AE53000493E4 /* 960 */,
				35BBA30519B2AE53000493E4 /* BG.png */,
				35BBA30619B2AE53000493E4 /* BG@2x.png */,
				354DCA7D19B399A6009281AD /* splash_640x1136.png */,
			);
			path = 00_SplashPage;
			sourceTree = "<group>";
		};
		35BBA30219B2AE53000493E4 /* 960 */ = {
			isa = PBXGroup;
			children = (
				35BBA30319B2AE53000493E4 /* BG.png */,
				35BBA30419B2AE53000493E4 /* BG@2x.png */,
				354DCA7B19B3999C009281AD /* splash_640x960.png */,
			);
			path = 960;
			sourceTree = "<group>";
		};
		35BBA30719B2AE53000493E4 /* 01_LoginScreen */ = {
			isa = PBXGroup;
			children = (
				35BBA30819B2AE53000493E4 /* Facebook.png */,
				35BBA30919B2AE53000493E4 /* Facebook@2x.png */,
				354DCAB019B3A6BE009281AD /* Logo.png */,
				354DCAB119B3A6BE009281AD /* Logo@2x.png */,
			);
			path = 01_LoginScreen;
			sourceTree = "<group>";
		};
		35BBA30C19B2AE53000493E4 /* 02_HomeScreen */ = {
			isa = PBXGroup;
			children = (
				35BBA30D19B2AE53000493E4 /* BG.png */,
				35BBA30E19B2AE53000493E4 /* BG@2x.png */,
				35BBA30F19B2AE53000493E4 /* ChatIcon.png */,
				354DCA5419B3941F009281AD /* InfoIcon@2x.png */,
				354DCA5519B3941F009281AD /* DislikeIcon@2x.png */,
				35BBA31019B2AE53000493E4 /* ChatIcon@2x.png */,
				354DCAA619B3A31E009281AD /* DislikeIcon.png */,
				354DCAA719B3A31E009281AD /* LikeIcon.png */,
				354DCAA819B3A31E009281AD /* InfoIcon.png */,
				354DCA5619B3941F009281AD /* LikeIcon@2x.png */,
				35BBA31719B2AE53000493E4 /* Matched-Up.png */,
				35BBA31819B2AE53000493E4 /* Matched-Up@2x.png */,
				354DCAA219B3A251009281AD /* SettingIcon.png */,
				354DCAA319B3A251009281AD /* SettingIcon@2x.png */,
				35BBA31B19B2AE53000493E4 /* Top_NavBG.png */,
				35BBA31C19B2AE53000493E4 /* Top_NavBG@2x.png */,
				35BBA31D19B2AE53000493E4 /* User_Image.png */,
				35BBA31E19B2AE53000493E4 /* User_Image@2x.png */,
				35BBA31F19B2AE53000493E4 /* VP_BG.png */,
				35BBA32019B2AE53000493E4 /* VP_BG@2x.png */,
			);
			path = 02_HomeScreen;
			sourceTree = "<group>";
		};
		35BBA32119B2AE53000493E4 /* 03_Profile */ = {
			isa = PBXGroup;
			children = (
				35BBA32219B2AE53000493E4 /* About_BG.png */,
				35BBA32319B2AE53000493E4 /* About_BG@2x.png */,
				35BBA32619B2AE53000493E4 /* BG.png */,
				35BBA32719B2AE53000493E4 /* BG@2x.png */,
				354DCAB419B3ABA1009281AD /* AgeIcon.png */,
				354DCAB519B3ABA1009281AD /* AgeIcon@2x.png */,
				354DCAB619B3ABA1009281AD /* location.png */,
				354DCAB719B3ABA1009281AD /* location@2x.png */,
				354DCAB819B3ABA1009281AD /* StatusIcon.png */,
				354DCAB919B3ABA1009281AD /* StatusIcon@2x.png */,
				35BBA32819B2AE53000493E4 /* ChatIcon.png */,
				35BBA32919B2AE53000493E4 /* ChatIcon@2x.png */,
				35BBA33219B2AE53000493E4 /* NameAgeStatusBar.png */,
				35BBA33319B2AE53000493E4 /* NameAgeStatusBar@2x.png */,
				35BBA33619B2AE53000493E4 /* Single.png */,
				35BBA33719B2AE53000493E4 /* Single@2x.png */,
				35BBA33A19B2AE53000493E4 /* UserImage.png */,
				35BBA33B19B2AE53000493E4 /* UserImage@2x.png */,
				35BBA33C19B2AE53000493E4 /* VP_BG.png */,
				35BBA33D19B2AE53000493E4 /* VP_BG@2x.png */,
			);
			path = 03_Profile;
			sourceTree = "<group>";
		};
		35BBA33E19B2AE53000493E4 /* 04_ChatList */ = {
			isa = PBXGroup;
			children = (
				354DCAC019B3ADCB009281AD /* Chat_user.png */,
				354DCAC119B3ADCB009281AD /* Chat_user@2x.png */,
			);
			path = 04_ChatList;
			sourceTree = "<group>";
		};
		35BBA34B19B2AE53000493E4 /* 05_ChatWindow */ = {
			isa = PBXGroup;
			children = (
				35BBA34C19B2AE53000493E4 /* back-icon.png */,
				35BBA34D19B2AE53000493E4 /* back-icon@2x.png */,
				35BBA34E19B2AE53000493E4 /* BG.png */,
				35BBA34F19B2AE53000493E4 /* BG@2x.png */,
				35BBA35019B2AE53000493E4 /* form.png */,
				35BBA35119B2AE53000493E4 /* form@2x.png */,
				35BBA35219B2AE53000493E4 /* menu-icon.png */,
				35BBA35319B2AE53000493E4 /* menu-icon@2x.png */,
				35BBA35419B2AE53000493E4 /* Send_Bar_BG.png */,
				35BBA35519B2AE53000493E4 /* Send_Bar_BG@2x.png */,
				35BBA35819B2AE53000493E4 /* Top_NavBG.png */,
				35BBA35919B2AE53000493E4 /* Top_NavBG@2x.png */,
			);
			path = 05_ChatWindow;
			sourceTree = "<group>";
		};
		35BBA35A19B2AE53000493E4 /* 06_Settings */ = {
			isa = PBXGroup;
			children = (
				35BBA35B19B2AE53000493E4 /* back-icon.png */,
				35BBA35C19B2AE53000493E4 /* back-icon@2x.png */,
				35BBA35D19B2AE53000493E4 /* BG.png */,
				35BBA35E19B2AE53000493E4 /* BG@2x.png */,
				35BBA35F19B2AE53000493E4 /* EditProfile.png */,
				35BBA36019B2AE53000493E4 /* EditProfile@2x.png */,
				35BBA36119B2AE53000493E4 /* Logout.png */,
				35BBA36219B2AE53000493E4 /* Logout@2x.png */,
				35BBA36319B2AE53000493E4 /* menu-icon.png */,
				35BBA36419B2AE53000493E4 /* menu-icon@2x.png */,
				35BBA36719B2AE53000493E4 /* Top_NavBG.png */,
				35BBA36819B2AE53000493E4 /* Top_NavBG@2x.png */,
			);
			path = 06_Settings;
			sourceTree = "<group>";
		};
		35BBA36919B2AE53000493E4 /* 07_Profile_Edit */ = {
			isa = PBXGroup;
			children = (
				35BBA36A19B2AE53000493E4 /* About_BG.png */,
				35BBA36B19B2AE53000493E4 /* About_BG@2x.png */,
				35BBA36C19B2AE53000493E4 /* back-icon.png */,
				35BBA36D19B2AE53000493E4 /* back-icon@2x.png */,
				35BBA36E19B2AE53000493E4 /* BG.png */,
				35BBA36F19B2AE53000493E4 /* BG@2x.png */,
				35BBA37019B2AE53000493E4 /* menu-icon.png */,
				35BBA37119B2AE53000493E4 /* menu-icon@2x.png */,
				35BBA37419B2AE53000493E4 /* Top_NavBG.png */,
				35BBA37519B2AE53000493E4 /* Top_NavBG@2x.png */,
				35BBA37619B2AE53000493E4 /* UserImage.png */,
				35BBA37719B2AE53000493E4 /* UserImage@2x.png */,
			);
			path = 07_Profile_Edit;
			sourceTree = "<group>";
		};
		35BBA37819B2AE53000493E4 /* 08_Match */ = {
			isa = PBXGroup;
			children = (
				35BBA37919B2AE53000493E4 /* ChatNow_Icon.png */,
				35BBA37A19B2AE53000493E4 /* ChatNow_Icon@2x.png */,
				35BBA37B19B2AE53000493E4 /* Close-Button.png */,
				35BBA37C19B2AE53000493E4 /* Close-Button@2x.png */,
			);
			path = 08_Match;
			sourceTree = "<group>";
		};
		35BBA37D19B2AE53000493E4 /* _44px_Icon */ = {
			isa = PBXGroup;
			children = (
				35BBA37E19B2AE53000493E4 /* back-icon.png */,
				35BBA37F19B2AE53000493E4 /* back-icon@2x.png */,
				35BBA38019B2AE53000493E4 /* ChatIcon.png */,
				35BBA38119B2AE53000493E4 /* ChatIcon@2x.png */,
			);
			path = _44px_Icon;
			sourceTree = "<group>";
		};
		35BBA38419B2AE53000493E4 /* appicon */ = {
			isa = PBXGroup;
			children = (
				35BBA38519B2AE53000493E4 /* _Source */,
				35BBA38719B2AE53000493E4 /* ios */,
			);
			path = appicon;
			sourceTree = "<group>";
		};
		35BBA38519B2AE53000493E4 /* _Source */ = {
			isa = PBXGroup;
			children = (
				35BBA38619B2AE53000493E4 /* 1024_icon-1-01.png */,
			);
			path = _Source;
			sourceTree = "<group>";
		};
		35BBA38719B2AE53000493E4 /* ios */ = {
			isa = PBXGroup;
			children = (
				354DCA7F19B39AB2009281AD /* ios7 */,
				35BBA39019B2AE53000493E4 /* iTunesArtwork.png */,
				35BBA39119B2AE53000493E4 /* iTunesArtwork@2x.png */,
			);
			path = ios;
			sourceTree = "<group>";
		};
		35BBA43D19B2AEC9000493E4 /* Login */ = {
			isa = PBXGroup;
			children = (
				35BBA43A19B2AEC4000493E4 /* YILoginViewController.h */,
				35BBA43B19B2AEC4000493E4 /* YILoginViewController.m */,
			);
			name = Login;
			sourceTree = "<group>";
		};
		35BBA44119B2AEEB000493E4 /* Home */ = {
			isa = PBXGroup;
			children = (
				35BBA43E19B2AEE7000493E4 /* YIHomeViewController.h */,
				35BBA43F19B2AEE7000493E4 /* YIHomeViewController.m */,
			);
			name = Home;
			sourceTree = "<group>";
		};
		35BBA44A19B2AF3B000493E4 /* Settings */ = {
			isa = PBXGroup;
			children = (
				35BBA44519B2AF35000493E4 /* YISettingsViewController.h */,
				35BBA44619B2AF35000493E4 /* YISettingsViewController.m */,
				35BBA44719B2AF35000493E4 /* defaultPrefsFile.plist */,
			);
			name = Settings;
			sourceTree = "<group>";
		};
		35BBA45119B2AF65000493E4 /* Edit Profile */ = {
			isa = PBXGroup;
			children = (
				35BBA44B19B2AF60000493E4 /* YIEditProfileViewController.h */,
				35BBA44C19B2AF60000493E4 /* YIEditProfileViewController.m */,
			);
			name = "Edit Profile";
			sourceTree = "<group>";
		};
		35BBA45219B2AF79000493E4 /* Profile */ = {
			isa = PBXGroup;
			children = (
				35BBA44D19B2AF60000493E4 /* YIProfileViewController.h */,
				35BBA44E19B2AF60000493E4 /* YIProfileViewController.m */,
			);
			name = Profile;
			sourceTree = "<group>";
		};
		35BBA45919B2AF9F000493E4 /* Match */ = {
			isa = PBXGroup;
			children = (
				35BBA45519B2AF97000493E4 /* YIMatchViewController.h */,
				35BBA45619B2AF97000493E4 /* YIMatchViewController.m */,
			);
			name = Match;
			sourceTree = "<group>";
		};
		35BBA45A19B2AFA9000493E4 /* Test User */ = {
			isa = PBXGroup;
			children = (
				35BBA45319B2AF97000493E4 /* YITestUser.h */,
				35BBA45419B2AF97000493E4 /* YITestUser.m */,
			);
			name = "Test User";
			sourceTree = "<group>";
		};
		35BBA46119B2AFFB000493E4 /* Matches */ = {
			isa = PBXGroup;
			children = (
				35BBA45B19B2AFF7000493E4 /* YIMatchesViewController.h */,
				35BBA45C19B2AFF7000493E4 /* YIMatchesViewController.m */,
			);
			name = Matches;
			sourceTree = "<group>";
		};
		35BBA46219B2B00C000493E4 /* Chat */ = {
			isa = PBXGroup;
			children = (
				35BBA45D19B2AFF7000493E4 /* YIChatViewController.h */,
				35BBA45E19B2AFF7000493E4 /* YIChatViewController.m */,
			);
			name = Chat;
			sourceTree = "<group>";
		};
		9B157EF3D23D404F8CC5DECD /* Frameworks */ = {
			isa = PBXGroup;
			children = (
				354DCA4619B2C767009281AD /* ParseFacebookUtils.framework */,
				BBB9EE9976AC46B183634D41 /* libPods.a */,
			);
			name = Frameworks;
			sourceTree = "<group>";
		};
/* End PBXGroup section */

/* Begin PBXNativeTarget section */
		35BBA2D519B2AB62000493E4 /* MatchMe */ = {
			isa = PBXNativeTarget;
			buildConfigurationList = 35BBA2F919B2AB62000493E4 /* Build configuration list for PBXNativeTarget "MatchMe" */;
			buildPhases = (
				35BBA2D219B2AB62000493E4 /* Sources */,
				35BBA2D319B2AB62000493E4 /* Frameworks */,
				35BBA2D419B2AB62000493E4 /* Resources */,
				62C2D1487EF7442AA1DCF787 /* Copy Pods Resources */,
			);
			buildRules = (
			);
			dependencies = (
			);
			name = MatchMe;
			productName = MatchMe;
			productReference = 35BBA2D619B2AB62000493E4 /* MatchMe.app */;
			productType = "com.apple.product-type.application";
		};
		35BBA2EE19B2AB62000493E4 /* MatchMeTests */ = {
			isa = PBXNativeTarget;
			buildConfigurationList = 35BBA2FC19B2AB62000493E4 /* Build configuration list for PBXNativeTarget "MatchMeTests" */;
			buildPhases = (
				35BBA2EB19B2AB62000493E4 /* Sources */,
				35BBA2EC19B2AB62000493E4 /* Frameworks */,
				35BBA2ED19B2AB62000493E4 /* Resources */,
			);
			buildRules = (
			);
			dependencies = (
				35BBA2F119B2AB62000493E4 /* PBXTargetDependency */,
			);
			name = MatchMeTests;
			productName = MatchMeTests;
			productReference = 35BBA2EF19B2AB62000493E4 /* MatchMeTests.xctest */;
			productType = "com.apple.product-type.bundle.unit-test";
		};
/* End PBXNativeTarget section */

/* Begin PBXProject section */
		35BBA2CE19B2AB62000493E4 /* Project object */ = {
			isa = PBXProject;
			attributes = {
				LastUpgradeCheck = 0600;
				ORGANIZATIONNAME = Yi;
				TargetAttributes = {
					35BBA2D519B2AB62000493E4 = {
						CreatedOnToolsVersion = 6.0;
					};
					35BBA2EE19B2AB62000493E4 = {
						CreatedOnToolsVersion = 6.0;
						TestTargetID = 35BBA2D519B2AB62000493E4;
					};
				};
			};
			buildConfigurationList = 35BBA2D119B2AB62000493E4 /* Build configuration list for PBXProject "MatchMe" */;
			compatibilityVersion = "Xcode 3.2";
			developmentRegion = English;
			hasScannedForEncodings = 0;
			knownRegions = (
				en,
				Base,
			);
			mainGroup = 35BBA2CD19B2AB62000493E4;
			productRefGroup = 35BBA2D719B2AB62000493E4 /* Products */;
			projectDirPath = "";
			projectRoot = "";
			targets = (
				35BBA2D519B2AB62000493E4 /* MatchMe */,
				35BBA2EE19B2AB62000493E4 /* MatchMeTests */,
			);
		};
/* End PBXProject section */

/* Begin PBXResourcesBuildPhase section */
		35BBA2D419B2AB62000493E4 /* Resources */ = {
			isa = PBXResourcesBuildPhase;
			buildActionMask = 2147483647;
			files = (
				354DCABD19B3ABA1009281AD /* location@2x.png in Resources */,
				35BBA40619B2AE53000493E4 /* back-icon.png in Resources */,
				35BBA40419B2AE53000493E4 /* About_BG.png in Resources */,
				35BBA40319B2AE53000493E4 /* Top_NavBG@2x.png in Resources */,
				354DCABC19B3ABA1009281AD /* location.png in Resources */,
				35BBA40A19B2AE53000493E4 /* menu-icon.png in Resources */,
				354DCAA419B3A251009281AD /* SettingIcon.png in Resources */,
				35BBA42519B2AE53000493E4 /* iTunesArtwork.png in Resources */,
				35BBA3D419B2AE53000493E4 /* Single.png in Resources */,
				354DCA9919B39AB2009281AD /* Icon-Small-50@2x.png in Resources */,
				354DCAC319B3ADCB009281AD /* Chat_user@2x.png in Resources */,
				35BBA3F119B2AE53000493E4 /* Send_Bar_BG@2x.png in Resources */,
				354DCABE19B3ABA1009281AD /* StatusIcon.png in Resources */,
				35BBA3DA19B2AE53000493E4 /* VP_BG.png in Resources */,
				35BBA41319B2AE53000493E4 /* ChatNow_Icon@2x.png in Resources */,
				354DCABF19B3ABA1009281AD /* StatusIcon@2x.png in Resources */,
				35BBA3FF19B2AE53000493E4 /* menu-icon@2x.png in Resources */,
				35BBA3F019B2AE53000493E4 /* Send_Bar_BG.png in Resources */,
				35BBA41519B2AE53000493E4 /* Close-Button@2x.png in Resources */,
				354DCA5919B3941F009281AD /* LikeIcon@2x.png in Resources */,
				354DCA7E19B399A6009281AD /* splash_640x1136.png in Resources */,
				35BBA40219B2AE53000493E4 /* Top_NavBG.png in Resources */,
				35BBA3B719B2AE53000493E4 /* Matched-Up@2x.png in Resources */,
				354DCAC219B3ADCB009281AD /* Chat_user.png in Resources */,
				35BBA40F19B2AE53000493E4 /* Top_NavBG@2x.png in Resources */,
				35BBA3F619B2AE53000493E4 /* back-icon.png in Resources */,
				35BBA3EE19B2AE53000493E4 /* menu-icon.png in Resources */,
				35BBA3EC19B2AE53000493E4 /* form.png in Resources */,
				35BBA3BF19B2AE53000493E4 /* VP_BG@2x.png in Resources */,
				35BBA40819B2AE53000493E4 /* BG.png in Resources */,
				35BBA3D019B2AE53000493E4 /* NameAgeStatusBar.png in Resources */,
				35BBA3FD19B2AE53000493E4 /* Logout@2x.png in Resources */,
				35BBA3A619B2AE53000493E4 /* BG.png in Resources */,
				35BBA40519B2AE53000493E4 /* About_BG@2x.png in Resources */,
				35BBA3FC19B2AE53000493E4 /* Logout.png in Resources */,
				354DCA9619B39AB2009281AD /* Icon-76.png in Resources */,
				354DCAA919B3A31E009281AD /* DislikeIcon.png in Resources */,
				35BBA3F419B2AE53000493E4 /* Top_NavBG.png in Resources */,
				35BBA3BD19B2AE53000493E4 /* User_Image@2x.png in Resources */,
				35BBA3F819B2AE53000493E4 /* BG.png in Resources */,
				35BBA3EB19B2AE53000493E4 /* BG@2x.png in Resources */,
				35BBA3E919B2AE53000493E4 /* back-icon@2x.png in Resources */,
				35BBA3EA19B2AE53000493E4 /* BG.png in Resources */,
				354DCA5719B3941F009281AD /* InfoIcon@2x.png in Resources */,
				35BBA41019B2AE53000493E4 /* UserImage.png in Resources */,
				354DCA9719B39AB2009281AD /* Icon-76@2x.png in Resources */,
				35BBA42619B2AE53000493E4 /* iTunesArtwork@2x.png in Resources */,
				35BBA41119B2AE53000493E4 /* UserImage@2x.png in Resources */,
				35BBA3DB19B2AE53000493E4 /* VP_BG@2x.png in Resources */,
				354DCA9319B39AB2009281AD /* Icon-60@2x.png in Resources */,
				35BBA2E819B2AB62000493E4 /* Main.storyboard in Resources */,
				354DCA9A19B39AB2009281AD /* Icon-Small.png in Resources */,
				35BBA40E19B2AE53000493E4 /* Top_NavBG.png in Resources */,
				354DCA9E19B39AB2009281AD /* iTunesArtwork.png in Resources */,
				35BBA44919B2AF35000493E4 /* defaultPrefsFile.plist in Resources */,
				35BBA41619B2AE53000493E4 /* back-icon.png in Resources */,
				35BBA3EF19B2AE53000493E4 /* menu-icon@2x.png in Resources */,
				354DCAA519B3A251009281AD /* SettingIcon@2x.png in Resources */,
				354DCAB219B3A6BE009281AD /* Logo.png in Resources */,
				35BBA3D819B2AE53000493E4 /* UserImage.png in Resources */,
				35BBA3E819B2AE53000493E4 /* back-icon.png in Resources */,
				35BBA3FA19B2AE53000493E4 /* EditProfile.png in Resources */,
				35BBA41419B2AE53000493E4 /* Close-Button.png in Resources */,
				35BBA3BC19B2AE53000493E4 /* User_Image.png in Resources */,
				354DCA9F19B39AB2009281AD /* iTunesArtwork@2x.png in Resources */,
				354DCAAA19B3A31E009281AD /* LikeIcon.png in Resources */,
				354DCA9519B39AB2009281AD /* Icon-72@2x.png in Resources */,
				35BBA3B619B2AE53000493E4 /* Matched-Up.png in Resources */,
				35BBA3A819B2AE53000493E4 /* Facebook.png in Resources */,
				354DCA7C19B3999C009281AD /* splash_640x960.png in Resources */,
				354DCAA119B39AE3009281AD /* icon_1024x1024.png in Resources */,
				354DCABB19B3ABA1009281AD /* AgeIcon@2x.png in Resources */,
				35BBA3C119B2AE53000493E4 /* About_BG@2x.png in Resources */,
				35BBA3F919B2AE53000493E4 /* BG@2x.png in Resources */,
				35BBA3AC19B2AE53000493E4 /* BG.png in Resources */,
				35BBA40B19B2AE53000493E4 /* menu-icon@2x.png in Resources */,
				35BBA3F719B2AE53000493E4 /* back-icon@2x.png in Resources */,
				35BBA3D519B2AE53000493E4 /* Single@2x.png in Resources */,
				35BBA3BE19B2AE53000493E4 /* VP_BG.png in Resources */,
				35BBA43919B2AE6C000493E4 /* ProfileImage1.jpg in Resources */,
				354DCAAB19B3A31E009281AD /* InfoIcon.png in Resources */,
				35BBA3ED19B2AE53000493E4 /* form@2x.png in Resources */,
				35BBA41819B2AE53000493E4 /* ChatIcon.png in Resources */,
				35BBA41719B2AE53000493E4 /* back-icon@2x.png in Resources */,
				35BBA3C419B2AE53000493E4 /* BG.png in Resources */,
				35BBA3D119B2AE53000493E4 /* NameAgeStatusBar@2x.png in Resources */,
				354DCA9C19B39AB2009281AD /* Icon.png in Resources */,
				35BBA2EA19B2AB62000493E4 /* Images.xcassets in Resources */,
				35BBA3AE19B2AE53000493E4 /* ChatIcon.png in Resources */,
				35BBA41919B2AE53000493E4 /* ChatIcon@2x.png in Resources */,
				354DCA9219B39AB2009281AD /* Icon-60.png in Resources */,
				35BBA3C519B2AE53000493E4 /* BG@2x.png in Resources */,
				35BBA3F519B2AE53000493E4 /* Top_NavBG@2x.png in Resources */,
				35BBA3A419B2AE53000493E4 /* BG.png in Resources */,
				354DCAB319B3A6BE009281AD /* Logo@2x.png in Resources */,
				35BBA40719B2AE53000493E4 /* back-icon@2x.png in Resources */,
				35BBA41C19B2AE53000493E4 /* 1024_icon-1-01.png in Resources */,
				354DCA9119B39AB2009281AD /* Icon-40@2x.png in Resources */,
				35BBA3AF19B2AE53000493E4 /* ChatIcon@2x.png in Resources */,
				354DCA9419B39AB2009281AD /* Icon-72.png in Resources */,
				35BBA3BA19B2AE53000493E4 /* Top_NavBG.png in Resources */,
				354DCA9B19B39AB2009281AD /* Icon-Small@2x.png in Resources */,
				35BBA3FB19B2AE53000493E4 /* EditProfile@2x.png in Resources */,
				354DCA9019B39AB2009281AD /* Icon-40.png in Resources */,
				354DCA9D19B39AB2009281AD /* Icon@2x.png in Resources */,
				35BBA40919B2AE53000493E4 /* BG@2x.png in Resources */,
				354DCABA19B3ABA1009281AD /* AgeIcon.png in Resources */,
				35BBA3C619B2AE53000493E4 /* ChatIcon.png in Resources */,
				354DCA5819B3941F009281AD /* DislikeIcon@2x.png in Resources */,
				35BBA3C719B2AE53000493E4 /* ChatIcon@2x.png in Resources */,
				35BBA3A519B2AE53000493E4 /* BG@2x.png in Resources */,
				35BBA3D919B2AE53000493E4 /* UserImage@2x.png in Resources */,
				35BBA3A919B2AE53000493E4 /* Facebook@2x.png in Resources */,
				35BBA3C019B2AE53000493E4 /* About_BG.png in Resources */,
				35BBA3FE19B2AE53000493E4 /* menu-icon.png in Resources */,
				35BBA41219B2AE53000493E4 /* ChatNow_Icon.png in Resources */,
				354DCA9819B39AB2009281AD /* Icon-Small-50.png in Resources */,
				35BBA43719B2AE53000493E4 /* Matched_Up_DesignV3_red.pdf in Resources */,
				35BBA3BB19B2AE53000493E4 /* Top_NavBG@2x.png in Resources */,
				35BBA3A719B2AE53000493E4 /* BG@2x.png in Resources */,
				35BBA3AD19B2AE53000493E4 /* BG@2x.png in Resources */,
			);
			runOnlyForDeploymentPostprocessing = 0;
		};
		35BBA2ED19B2AB62000493E4 /* Resources */ = {
			isa = PBXResourcesBuildPhase;
			buildActionMask = 2147483647;
			files = (
			);
			runOnlyForDeploymentPostprocessing = 0;
		};
/* End PBXResourcesBuildPhase section */

/* Begin PBXShellScriptBuildPhase section */
		62C2D1487EF7442AA1DCF787 /* Copy Pods Resources */ = {
			isa = PBXShellScriptBuildPhase;
			buildActionMask = 2147483647;
			files = (
			);
			inputPaths = (
			);
			name = "Copy Pods Resources";
			outputPaths = (
			);
			runOnlyForDeploymentPostprocessing = 0;
			shellPath = /bin/sh;
			shellScript = "\"${SRCROOT}/Pods/Pods-resources.sh\"\n";
			showEnvVarsInLog = 0;
		};
/* End PBXShellScriptBuildPhase section */

/* Begin PBXSourcesBuildPhase section */
		35BBA2D219B2AB62000493E4 /* Sources */ = {
			isa = PBXSourcesBuildPhase;
			buildActionMask = 2147483647;
			files = (
				35BBA45819B2AF97000493E4 /* YIMatchViewController.m in Sources */,
				35BBA44F19B2AF60000493E4 /* YIEditProfileViewController.m in Sources */,
				35BBA45019B2AF60000493E4 /* YIProfileViewController.m in Sources */,
				35BBA44819B2AF35000493E4 /* YISettingsViewController.m in Sources */,
				35BBA43C19B2AEC4000493E4 /* YILoginViewController.m in Sources */,
				35BBA44419B2AF18000493E4 /* YIConstants.m in Sources */,
				35BBA2E219B2AB62000493E4 /* MatchMe.xcdatamodeld in Sources */,
				35BBA45719B2AF97000493E4 /* YITestUser.m in Sources */,
				35BBA2DF19B2AB62000493E4 /* AppDelegate.m in Sources */,
				35BBA46019B2AFF7000493E4 /* YIChatViewController.m in Sources */,
				354DCAC519B3B819009281AD /* README.md in Sources */,
				35BBA44019B2AEE7000493E4 /* YIHomeViewController.m in Sources */,
				35BBA45F19B2AFF7000493E4 /* YIMatchesViewController.m in Sources */,
				35BBA2DC19B2AB62000493E4 /* main.m in Sources */,
			);
			runOnlyForDeploymentPostprocessing = 0;
		};
		35BBA2EB19B2AB62000493E4 /* Sources */ = {
			isa = PBXSourcesBuildPhase;
			buildActionMask = 2147483647;
			files = (
				35BBA2F619B2AB62000493E4 /* MatchMeTests.m in Sources */,
			);
			runOnlyForDeploymentPostprocessing = 0;
		};
/* End PBXSourcesBuildPhase section */

/* Begin PBXTargetDependency section */
		35BBA2F119B2AB62000493E4 /* PBXTargetDependency */ = {
			isa = PBXTargetDependency;
			target = 35BBA2D519B2AB62000493E4 /* MatchMe */;
			targetProxy = 35BBA2F019B2AB62000493E4 /* PBXContainerItemProxy */;
		};
/* End PBXTargetDependency section */

/* Begin PBXVariantGroup section */
		35BBA2E619B2AB62000493E4 /* Main.storyboard */ = {
			isa = PBXVariantGroup;
			children = (
				35BBA2E719B2AB62000493E4 /* Base */,
			);
			name = Main.storyboard;
			sourceTree = "<group>";
		};
/* End PBXVariantGroup section */

/* Begin XCBuildConfiguration section */
		35BBA2F719B2AB62000493E4 /* Debug */ = {
			isa = XCBuildConfiguration;
			buildSettings = {
				ALWAYS_SEARCH_USER_PATHS = NO;
				CLANG_CXX_LANGUAGE_STANDARD = "gnu++0x";
				CLANG_CXX_LIBRARY = "libc++";
				CLANG_ENABLE_MODULES = YES;
				CLANG_ENABLE_OBJC_ARC = YES;
				CLANG_WARN_BOOL_CONVERSION = YES;
				CLANG_WARN_CONSTANT_CONVERSION = YES;
				CLANG_WARN_DIRECT_OBJC_ISA_USAGE = YES_ERROR;
				CLANG_WARN_EMPTY_BODY = YES;
				CLANG_WARN_ENUM_CONVERSION = YES;
				CLANG_WARN_INT_CONVERSION = YES;
				CLANG_WARN_OBJC_ROOT_CLASS = YES_ERROR;
				CLANG_WARN_UNREACHABLE_CODE = YES;
				CLANG_WARN__DUPLICATE_METHOD_MATCH = YES;
				"CODE_SIGN_IDENTITY[sdk=iphoneos*]" = "iPhone Developer";
				COPY_PHASE_STRIP = NO;
				ENABLE_STRICT_OBJC_MSGSEND = YES;
				GCC_C_LANGUAGE_STANDARD = gnu99;
				GCC_DYNAMIC_NO_PIC = NO;
				GCC_OPTIMIZATION_LEVEL = 0;
				GCC_PREPROCESSOR_DEFINITIONS = (
					"DEBUG=1",
					"$(inherited)",
				);
				GCC_SYMBOLS_PRIVATE_EXTERN = NO;
				GCC_WARN_64_TO_32_BIT_CONVERSION = YES;
				GCC_WARN_ABOUT_RETURN_TYPE = YES_ERROR;
				GCC_WARN_UNDECLARED_SELECTOR = YES;
				GCC_WARN_UNINITIALIZED_AUTOS = YES_AGGRESSIVE;
				GCC_WARN_UNUSED_FUNCTION = YES;
				GCC_WARN_UNUSED_VARIABLE = YES;
				IPHONEOS_DEPLOYMENT_TARGET = 8.0;
				MTL_ENABLE_DEBUG_INFO = YES;
				ONLY_ACTIVE_ARCH = YES;
				SDKROOT = iphoneos;
			};
			name = Debug;
		};
		35BBA2F819B2AB62000493E4 /* Release */ = {
			isa = XCBuildConfiguration;
			buildSettings = {
				ALWAYS_SEARCH_USER_PATHS = NO;
				CLANG_CXX_LANGUAGE_STANDARD = "gnu++0x";
				CLANG_CXX_LIBRARY = "libc++";
				CLANG_ENABLE_MODULES = YES;
				CLANG_ENABLE_OBJC_ARC = YES;
				CLANG_WARN_BOOL_CONVERSION = YES;
				CLANG_WARN_CONSTANT_CONVERSION = YES;
				CLANG_WARN_DIRECT_OBJC_ISA_USAGE = YES_ERROR;
				CLANG_WARN_EMPTY_BODY = YES;
				CLANG_WARN_ENUM_CONVERSION = YES;
				CLANG_WARN_INT_CONVERSION = YES;
				CLANG_WARN_OBJC_ROOT_CLASS = YES_ERROR;
				CLANG_WARN_UNREACHABLE_CODE = YES;
				CLANG_WARN__DUPLICATE_METHOD_MATCH = YES;
				"CODE_SIGN_IDENTITY[sdk=iphoneos*]" = "iPhone Developer";
				COPY_PHASE_STRIP = YES;
				ENABLE_NS_ASSERTIONS = NO;
				ENABLE_STRICT_OBJC_MSGSEND = YES;
				GCC_C_LANGUAGE_STANDARD = gnu99;
				GCC_WARN_64_TO_32_BIT_CONVERSION = YES;
				GCC_WARN_ABOUT_RETURN_TYPE = YES_ERROR;
				GCC_WARN_UNDECLARED_SELECTOR = YES;
				GCC_WARN_UNINITIALIZED_AUTOS = YES_AGGRESSIVE;
				GCC_WARN_UNUSED_FUNCTION = YES;
				GCC_WARN_UNUSED_VARIABLE = YES;
				IPHONEOS_DEPLOYMENT_TARGET = 8.0;
				MTL_ENABLE_DEBUG_INFO = NO;
				SDKROOT = iphoneos;
				VALIDATE_PRODUCT = YES;
			};
			name = Release;
		};
		35BBA2FA19B2AB62000493E4 /* Debug */ = {
			isa = XCBuildConfiguration;
			baseConfigurationReference = 201DE3C85B884E19943C18D1 /* Pods.xcconfig */;
			buildSettings = {
				ASSETCATALOG_COMPILER_APPICON_NAME = AppIcon;
				ASSETCATALOG_COMPILER_LAUNCHIMAGE_NAME = LaunchImage;
				FRAMEWORK_SEARCH_PATHS = (
					"$(inherited)",
					"$(PROJECT_DIR)",
				);
				INFOPLIST_FILE = MatchMe/Info.plist;
				IPHONEOS_DEPLOYMENT_TARGET = 8.0;
				LD_RUNPATH_SEARCH_PATHS = "$(inherited) @executable_path/Frameworks";
				PRODUCT_NAME = "$(TARGET_NAME)";
			};
			name = Debug;
		};
		35BBA2FB19B2AB62000493E4 /* Release */ = {
			isa = XCBuildConfiguration;
			baseConfigurationReference = 201DE3C85B884E19943C18D1 /* Pods.xcconfig */;
			buildSettings = {
				ASSETCATALOG_COMPILER_APPICON_NAME = AppIcon;
				ASSETCATALOG_COMPILER_LAUNCHIMAGE_NAME = LaunchImage;
				FRAMEWORK_SEARCH_PATHS = (
					"$(inherited)",
					"$(PROJECT_DIR)",
				);
				INFOPLIST_FILE = MatchMe/Info.plist;
				IPHONEOS_DEPLOYMENT_TARGET = 8.0;
				LD_RUNPATH_SEARCH_PATHS = "$(inherited) @executable_path/Frameworks";
				PRODUCT_NAME = "$(TARGET_NAME)";
			};
			name = Release;
		};
		35BBA2FD19B2AB62000493E4 /* Debug */ = {
			isa = XCBuildConfiguration;
			buildSettings = {
				BUNDLE_LOADER = "$(TEST_HOST)";
				FRAMEWORK_SEARCH_PATHS = (
					"$(SDKROOT)/Developer/Library/Frameworks",
					"$(inherited)",
				);
				GCC_PREPROCESSOR_DEFINITIONS = (
					"DEBUG=1",
					"$(inherited)",
				);
				INFOPLIST_FILE = MatchMeTests/Info.plist;
				LD_RUNPATH_SEARCH_PATHS = "$(inherited) @executable_path/Frameworks @loader_path/Frameworks";
				PRODUCT_NAME = "$(TARGET_NAME)";
				TEST_HOST = "$(BUILT_PRODUCTS_DIR)/MatchMe.app/MatchMe";
			};
			name = Debug;
		};
		35BBA2FE19B2AB62000493E4 /* Release */ = {
			isa = XCBuildConfiguration;
			buildSettings = {
				BUNDLE_LOADER = "$(TEST_HOST)";
				FRAMEWORK_SEARCH_PATHS = (
					"$(SDKROOT)/Developer/Library/Frameworks",
					"$(inherited)",
				);
				INFOPLIST_FILE = MatchMeTests/Info.plist;
				LD_RUNPATH_SEARCH_PATHS = "$(inherited) @executable_path/Frameworks @loader_path/Frameworks";
				PRODUCT_NAME = "$(TARGET_NAME)";
				TEST_HOST = "$(BUILT_PRODUCTS_DIR)/MatchMe.app/MatchMe";
			};
			name = Release;
		};
/* End XCBuildConfiguration section */

/* Begin XCConfigurationList section */
		35BBA2D119B2AB62000493E4 /* Build configuration list for PBXProject "MatchMe" */ = {
			isa = XCConfigurationList;
			buildConfigurations = (
				35BBA2F719B2AB62000493E4 /* Debug */,
				35BBA2F819B2AB62000493E4 /* Release */,
			);
			defaultConfigurationIsVisible = 0;
			defaultConfigurationName = Release;
		};
		35BBA2F919B2AB62000493E4 /* Build configuration list for PBXNativeTarget "MatchMe" */ = {
			isa = XCConfigurationList;
			buildConfigurations = (
				35BBA2FA19B2AB62000493E4 /* Debug */,
				35BBA2FB19B2AB62000493E4 /* Release */,
			);
			defaultConfigurationIsVisible = 0;
			defaultConfigurationName = Release;
		};
		35BBA2FC19B2AB62000493E4 /* Build configuration list for PBXNativeTarget "MatchMeTests" */ = {
			isa = XCConfigurationList;
			buildConfigurations = (
				35BBA2FD19B2AB62000493E4 /* Debug */,
				35BBA2FE19B2AB62000493E4 /* Release */,
			);
			defaultConfigurationIsVisible = 0;
			defaultConfigurationName = Release;
		};
/* End XCConfigurationList section */

/* Begin XCVersionGroup section */
		35BBA2E019B2AB62000493E4 /* MatchMe.xcdatamodeld */ = {
			isa = XCVersionGroup;
			children = (
				35BBA2E119B2AB62000493E4 /* MatchMe.xcdatamodel */,
			);
			currentVersion = 35BBA2E119B2AB62000493E4 /* MatchMe.xcdatamodel */;
			path = MatchMe.xcdatamodeld;
			sourceTree = "<group>";
			versionGroupType = wrapper.xcdatamodel;
		};
/* End XCVersionGroup section */
	};
	rootObject = 35BBA2CE19B2AB62000493E4 /* Project object */;
}
